
Microsoft Visual Studio Solution File, Format Version 12.00
# Visual Studio 15
VisualStudioVersion = 15.0.33026.149
MinimumVisualStudioVersion = 10.0.40219.1
Project("{2150E333-8FDC-42A3-9474-1A3956D46DE8}") = "1c-1sem", "1c-1sem", "{FC70D636-F13E-4D41-8AA9-54115A174A3E}"
	ProjectSection(SolutionItems) = preProject
		1sem\информатика\lab1\lab1\lab1.vcxproj = 1sem\информатика\lab1\lab1\lab1.vcxproj
		1sem\информатика\lab1\lab1double\lab1double.vcxproj = 1sem\информатика\lab1\lab1double\lab1double.vcxproj
	EndProjectSection
EndProject
Project("{2150E333-8FDC-42A3-9474-1A3956D46DE8}") = "inf", "inf", "{32E09465-652A-4284-A3C5-5831ACB8ED27}"
	ProjectSection(SolutionItems) = preProject
		1sem\информатика\lab1\lab1\lab1.vcxproj = 1sem\информатика\lab1\lab1\lab1.vcxproj
		1sem\информатика\lab1\lab1double\lab1double.vcxproj = 1sem\информатика\lab1\lab1double\lab1double.vcxproj
	EndProjectSection
EndProject
Project("{2150E333-8FDC-42A3-9474-1A3956D46DE8}") = "2c-4sem", "2c-4sem", "{9DD2AC9C-4DBB-4961-B0D6-4A5F0FD7A917}"
EndProject
Project("{2150E333-8FDC-42A3-9474-1A3956D46DE8}") = "graphics", "graphics", "{DE2EFBDD-CF84-4652-8ACA-CF129288AD82}"
EndProject
Project("{8BC9CEB8-8B4A-11D0-8D11-00A0C91BC942}") = "lab2cg_k", "2c-4sem\lab2cg\lab2cg.vcxproj", "{CD56F03C-3ABC-4EDC-B957-A2E91781627B}"
EndProject
Project("{8BC9CEB8-8B4A-11D0-8D11-00A0C91BC942}") = "obj_test", "2c-4sem\obj_test\obj_test.vcxproj", "{B3DFCFC0-A904-4A21-BD1E-7D9071BAFFC9}"
EndProject
Project("{8BC9CEB8-8B4A-11D0-8D11-00A0C91BC942}") = "lab3cg_k", "2c-4sem\lab3cg_k\lab3cg_k.vcxproj", "{B4B5946E-FC18-404C-A142-DE7D04783E02}"
EndProject
Project("{2150E333-8FDC-42A3-9474-1A3956D46DE8}") = "functional programming", "functional programming", "{20062BF6-A347-4037-B5B8-45585FC502D6}"
EndProject
Project("{8BC9CEB8-8B4A-11D0-8D11-00A0C91BC942}") = "lab1", "2c-4sem\lab1\lab1.vcxproj", "{31BF6DDA-70B7-4405-924F-A373050B758B}"
EndProject
Project("{8BC9CEB8-8B4A-11D0-8D11-00A0C91BC942}") = "lab1i", "2c-4sem\lab1i\lab1i.vcxproj", "{3BB9276F-9E6A-4372-83C1-6E45D16884E6}"
EndProject
Project("{8BC9CEB8-8B4A-11D0-8D11-00A0C91BC942}") = "lab1cg_k", "2c-4sem\lab1cg_k\lab1cg_k.vcxproj", "{4249E2D2-A5C8-4421-A1EF-5BE7A31C0C51}"
EndProject
Project("{8BC9CEB8-8B4A-11D0-8D11-00A0C91BC942}") = "lab3_trimproj", "2c-4sem\lab3_cg_k2\lab3_cg_k2.vcxproj", "{955EE85F-07F2-4D14-BD36-FDF519538BA8}"
EndProject
Project("{8BC9CEB8-8B4A-11D0-8D11-00A0C91BC942}") = "2d_transform", "2c-4sem\2d_transform\2d_transform.vcxproj", "{A72E3630-2024-4195-B179-5EFBFD3BB5FA}"
EndProject
Project("{8BC9CEB8-8B4A-11D0-8D11-00A0C91BC942}") = "lab3cg_k2", "2c-4sem\lab3cg_k2\lab3cg_k2.vcxproj", "{119813F1-D7B5-4776-A958-4C45DC2C8824}"
EndProject
Project("{2150E333-8FDC-42A3-9474-1A3956D46DE8}") = "graphics_tests", "graphics_tests", "{FB809E3B-E4D9-4A98-BC60-D5A4C62117AC}"
EndProject
Project("{8BC9CEB8-8B4A-11D0-8D11-00A0C91BC942}") = "matrix_tests", "2c-4sem\matrix_tests\matrix_tests.vcxproj", "{5F3E32CF-4F35-4A2A-B1B1-E112476B5AE4}"
EndProject
Project("{2150E333-8FDC-42A3-9474-1A3956D46DE8}") = "junk", "junk", "{DB4F5347-F717-4AA8-AA45-76A3285420C1}"
EndProject
Project("{8BC9CEB8-8B4A-11D0-8D11-00A0C91BC942}") = "cg3_stereopair", "2c-4sem\cg3_stereopair\cg3_stereopair.vcxproj", "{43D224F5-780B-40D5-B20C-1C631E8C38B1}"
EndProject
Project("{8BC9CEB8-8B4A-11D0-8D11-00A0C91BC942}") = "check_distortion", "check_distortion\check_distortion.vcxproj", "{749D2352-878B-43C5-B849-98389F40A7A9}"
EndProject
Project("{8BC9CEB8-8B4A-11D0-8D11-00A0C91BC942}") = "cross_lines_test", "cross_lines_test\cross_lines_test.vcxproj", "{49FE3FB5-5ACC-47EC-BA73-DD72701CAF23}"
EndProject
Global
	GlobalSection(SolutionConfigurationPlatforms) = preSolution
		Debug|x64 = Debug|x64
		Debug|x86 = Debug|x86
		Release|x64 = Release|x64
		Release|x86 = Release|x86
	EndGlobalSection
	GlobalSection(ProjectConfigurationPlatforms) = postSolution
		{CD56F03C-3ABC-4EDC-B957-A2E91781627B}.Debug|x64.ActiveCfg = Debug|x64
		{CD56F03C-3ABC-4EDC-B957-A2E91781627B}.Debug|x64.Build.0 = Debug|x64
		{CD56F03C-3ABC-4EDC-B957-A2E91781627B}.Debug|x86.ActiveCfg = Debug|Win32
		{CD56F03C-3ABC-4EDC-B957-A2E91781627B}.Debug|x86.Build.0 = Debug|Win32
		{CD56F03C-3ABC-4EDC-B957-A2E91781627B}.Release|x64.ActiveCfg = Release|x64
		{CD56F03C-3ABC-4EDC-B957-A2E91781627B}.Release|x64.Build.0 = Release|x64
		{CD56F03C-3ABC-4EDC-B957-A2E91781627B}.Release|x86.ActiveCfg = Release|Win32
		{CD56F03C-3ABC-4EDC-B957-A2E91781627B}.Release|x86.Build.0 = Release|Win32
		{B3DFCFC0-A904-4A21-BD1E-7D9071BAFFC9}.Debug|x64.ActiveCfg = Debug|x64
		{B3DFCFC0-A904-4A21-BD1E-7D9071BAFFC9}.Debug|x64.Build.0 = Debug|x64
		{B3DFCFC0-A904-4A21-BD1E-7D9071BAFFC9}.Debug|x86.ActiveCfg = Debug|Win32
		{B3DFCFC0-A904-4A21-BD1E-7D9071BAFFC9}.Debug|x86.Build.0 = Debug|Win32
		{B3DFCFC0-A904-4A21-BD1E-7D9071BAFFC9}.Release|x64.ActiveCfg = Release|x64
		{B3DFCFC0-A904-4A21-BD1E-7D9071BAFFC9}.Release|x64.Build.0 = Release|x64
		{B3DFCFC0-A904-4A21-BD1E-7D9071BAFFC9}.Release|x86.ActiveCfg = Release|Win32
		{B3DFCFC0-A904-4A21-BD1E-7D9071BAFFC9}.Release|x86.Build.0 = Release|Win32
		{B4B5946E-FC18-404C-A142-DE7D04783E02}.Debug|x64.ActiveCfg = Debug|x64
		{B4B5946E-FC18-404C-A142-DE7D04783E02}.Debug|x64.Build.0 = Debug|x64
		{B4B5946E-FC18-404C-A142-DE7D04783E02}.Debug|x86.ActiveCfg = Debug|Win32
		{B4B5946E-FC18-404C-A142-DE7D04783E02}.Debug|x86.Build.0 = Debug|Win32
		{B4B5946E-FC18-404C-A142-DE7D04783E02}.Release|x64.ActiveCfg = Release|x64
		{B4B5946E-FC18-404C-A142-DE7D04783E02}.Release|x64.Build.0 = Release|x64
		{B4B5946E-FC18-404C-A142-DE7D04783E02}.Release|x86.ActiveCfg = Release|Win32
		{B4B5946E-FC18-404C-A142-DE7D04783E02}.Release|x86.Build.0 = Release|Win32
		{31BF6DDA-70B7-4405-924F-A373050B758B}.Debug|x64.ActiveCfg = Debug|x64
		{31BF6DDA-70B7-4405-924F-A373050B758B}.Debug|x64.Build.0 = Debug|x64
		{31BF6DDA-70B7-4405-924F-A373050B758B}.Debug|x86.ActiveCfg = Debug|Win32
		{31BF6DDA-70B7-4405-924F-A373050B758B}.Debug|x86.Build.0 = Debug|Win32
		{31BF6DDA-70B7-4405-924F-A373050B758B}.Release|x64.ActiveCfg = Release|x64
		{31BF6DDA-70B7-4405-924F-A373050B758B}.Release|x64.Build.0 = Release|x64
		{31BF6DDA-70B7-4405-924F-A373050B758B}.Release|x86.ActiveCfg = Release|Win32
		{31BF6DDA-70B7-4405-924F-A373050B758B}.Release|x86.Build.0 = Release|Win32
		{3BB9276F-9E6A-4372-83C1-6E45D16884E6}.Debug|x64.ActiveCfg = Debug|x64
		{3BB9276F-9E6A-4372-83C1-6E45D16884E6}.Debug|x64.Build.0 = Debug|x64
		{3BB9276F-9E6A-4372-83C1-6E45D16884E6}.Debug|x86.ActiveCfg = Debug|Win32
		{3BB9276F-9E6A-4372-83C1-6E45D16884E6}.Debug|x86.Build.0 = Debug|Win32
		{3BB9276F-9E6A-4372-83C1-6E45D16884E6}.Release|x64.ActiveCfg = Release|x64
		{3BB9276F-9E6A-4372-83C1-6E45D16884E6}.Release|x64.Build.0 = Release|x64
		{3BB9276F-9E6A-4372-83C1-6E45D16884E6}.Release|x86.ActiveCfg = Release|Win32
		{3BB9276F-9E6A-4372-83C1-6E45D16884E6}.Release|x86.Build.0 = Release|Win32
		{4249E2D2-A5C8-4421-A1EF-5BE7A31C0C51}.Debug|x64.ActiveCfg = Debug|x64
		{4249E2D2-A5C8-4421-A1EF-5BE7A31C0C51}.Debug|x64.Build.0 = Debug|x64
		{4249E2D2-A5C8-4421-A1EF-5BE7A31C0C51}.Debug|x86.ActiveCfg = Debug|Win32
		{4249E2D2-A5C8-4421-A1EF-5BE7A31C0C51}.Debug|x86.Build.0 = Debug|Win32
		{4249E2D2-A5C8-4421-A1EF-5BE7A31C0C51}.Release|x64.ActiveCfg = Release|x64
		{4249E2D2-A5C8-4421-A1EF-5BE7A31C0C51}.Release|x64.Build.0 = Release|x64
		{4249E2D2-A5C8-4421-A1EF-5BE7A31C0C51}.Release|x86.ActiveCfg = Release|Win32
		{4249E2D2-A5C8-4421-A1EF-5BE7A31C0C51}.Release|x86.Build.0 = Release|Win32
		{955EE85F-07F2-4D14-BD36-FDF519538BA8}.Debug|x64.ActiveCfg = Debug|x64
		{955EE85F-07F2-4D14-BD36-FDF519538BA8}.Debug|x64.Build.0 = Debug|x64
		{955EE85F-07F2-4D14-BD36-FDF519538BA8}.Debug|x86.ActiveCfg = Debug|Win32
		{955EE85F-07F2-4D14-BD36-FDF519538BA8}.Debug|x86.Build.0 = Debug|Win32
		{955EE85F-07F2-4D14-BD36-FDF519538BA8}.Release|x64.ActiveCfg = Release|x64
		{955EE85F-07F2-4D14-BD36-FDF519538BA8}.Release|x64.Build.0 = Release|x64
		{955EE85F-07F2-4D14-BD36-FDF519538BA8}.Release|x86.ActiveCfg = Release|Win32
		{955EE85F-07F2-4D14-BD36-FDF519538BA8}.Release|x86.Build.0 = Release|Win32
		{A72E3630-2024-4195-B179-5EFBFD3BB5FA}.Debug|x64.ActiveCfg = Debug|x64
		{A72E3630-2024-4195-B179-5EFBFD3BB5FA}.Debug|x64.Build.0 = Debug|x64
		{A72E3630-2024-4195-B179-5EFBFD3BB5FA}.Debug|x86.ActiveCfg = Debug|Win32
		{A72E3630-2024-4195-B179-5EFBFD3BB5FA}.Debug|x86.Build.0 = Debug|Win32
		{A72E3630-2024-4195-B179-5EFBFD3BB5FA}.Release|x64.ActiveCfg = Release|x64
		{A72E3630-2024-4195-B179-5EFBFD3BB5FA}.Release|x64.Build.0 = Release|x64
		{A72E3630-2024-4195-B179-5EFBFD3BB5FA}.Release|x86.ActiveCfg = Release|Win32
		{A72E3630-2024-4195-B179-5EFBFD3BB5FA}.Release|x86.Build.0 = Release|Win32
		{119813F1-D7B5-4776-A958-4C45DC2C8824}.Debug|x64.ActiveCfg = Debug|x64
		{119813F1-D7B5-4776-A958-4C45DC2C8824}.Debug|x64.Build.0 = Debug|x64
		{119813F1-D7B5-4776-A958-4C45DC2C8824}.Debug|x86.ActiveCfg = Debug|Win32
		{119813F1-D7B5-4776-A958-4C45DC2C8824}.Debug|x86.Build.0 = Debug|Win32
		{119813F1-D7B5-4776-A958-4C45DC2C8824}.Release|x64.ActiveCfg = Release|x64
		{119813F1-D7B5-4776-A958-4C45DC2C8824}.Release|x64.Build.0 = Release|x64
		{119813F1-D7B5-4776-A958-4C45DC2C8824}.Release|x86.ActiveCfg = Release|Win32
		{119813F1-D7B5-4776-A958-4C45DC2C8824}.Release|x86.Build.0 = Release|Win32
		{5F3E32CF-4F35-4A2A-B1B1-E112476B5AE4}.Debug|x64.ActiveCfg = Debug|x64
		{5F3E32CF-4F35-4A2A-B1B1-E112476B5AE4}.Debug|x64.Build.0 = Debug|x64
		{5F3E32CF-4F35-4A2A-B1B1-E112476B5AE4}.Debug|x86.ActiveCfg = Debug|Win32
		{5F3E32CF-4F35-4A2A-B1B1-E112476B5AE4}.Debug|x86.Build.0 = Debug|Win32
		{5F3E32CF-4F35-4A2A-B1B1-E112476B5AE4}.Release|x64.ActiveCfg = Release|x64
		{5F3E32CF-4F35-4A2A-B1B1-E112476B5AE4}.Release|x64.Build.0 = Release|x64
		{5F3E32CF-4F35-4A2A-B1B1-E112476B5AE4}.Release|x86.ActiveCfg = Release|Win32
		{5F3E32CF-4F35-4A2A-B1B1-E112476B5AE4}.Release|x86.Build.0 = Release|Win32
		{43D224F5-780B-40D5-B20C-1C631E8C38B1}.Debug|x64.ActiveCfg = Debug|x64
		{43D224F5-780B-40D5-B20C-1C631E8C38B1}.Debug|x64.Build.0 = Debug|x64
		{43D224F5-780B-40D5-B20C-1C631E8C38B1}.Debug|x86.ActiveCfg = Debug|Win32
		{43D224F5-780B-40D5-B20C-1C631E8C38B1}.Debug|x86.Build.0 = Debug|Win32
		{43D224F5-780B-40D5-B20C-1C631E8C38B1}.Release|x64.ActiveCfg = Release|x64
		{43D224F5-780B-40D5-B20C-1C631E8C38B1}.Release|x64.Build.0 = Release|x64
		{43D224F5-780B-40D5-B20C-1C631E8C38B1}.Release|x86.ActiveCfg = Release|Win32
		{43D224F5-780B-40D5-B20C-1C631E8C38B1}.Release|x86.Build.0 = Release|Win32
		{749D2352-878B-43C5-B849-98389F40A7A9}.Debug|x64.ActiveCfg = Debug|x64
		{749D2352-878B-43C5-B849-98389F40A7A9}.Debug|x64.Build.0 = Debug|x64
		{749D2352-878B-43C5-B849-98389F40A7A9}.Debug|x86.ActiveCfg = Debug|Win32
		{749D2352-878B-43C5-B849-98389F40A7A9}.Debug|x86.Build.0 = Debug|Win32
		{749D2352-878B-43C5-B849-98389F40A7A9}.Release|x64.ActiveCfg = Release|x64
		{749D2352-878B-43C5-B849-98389F40A7A9}.Release|x64.Build.0 = Release|x64
		{749D2352-878B-43C5-B849-98389F40A7A9}.Release|x86.ActiveCfg = Release|Win32
		{749D2352-878B-43C5-B849-98389F40A7A9}.Release|x86.Build.0 = Release|Win32
		{49FE3FB5-5ACC-47EC-BA73-DD72701CAF23}.Debug|x64.ActiveCfg = Debug|x64
		{49FE3FB5-5ACC-47EC-BA73-DD72701CAF23}.Debug|x64.Build.0 = Debug|x64
		{49FE3FB5-5ACC-47EC-BA73-DD72701CAF23}.Debug|x86.ActiveCfg = Debug|Win32
		{49FE3FB5-5ACC-47EC-BA73-DD72701CAF23}.Debug|x86.Build.0 = Debug|Win32
		{49FE3FB5-5ACC-47EC-BA73-DD72701CAF23}.Release|x64.ActiveCfg = Release|x64
		{49FE3FB5-5ACC-47EC-BA73-DD72701CAF23}.Release|x64.Build.0 = Release|x64
		{49FE3FB5-5ACC-47EC-BA73-DD72701CAF23}.Release|x86.ActiveCfg = Release|Win32
		{49FE3FB5-5ACC-47EC-BA73-DD72701CAF23}.Release|x86.Build.0 = Release|Win32
	EndGlobalSection
	GlobalSection(SolutionProperties) = preSolution
		HideSolutionNode = FALSE
	EndGlobalSection
	GlobalSection(NestedProjects) = preSolution
		{32E09465-652A-4284-A3C5-5831ACB8ED27} = {FC70D636-F13E-4D41-8AA9-54115A174A3E}
		{DE2EFBDD-CF84-4652-8ACA-CF129288AD82} = {9DD2AC9C-4DBB-4961-B0D6-4A5F0FD7A917}
		{CD56F03C-3ABC-4EDC-B957-A2E91781627B} = {DE2EFBDD-CF84-4652-8ACA-CF129288AD82}
		{B3DFCFC0-A904-4A21-BD1E-7D9071BAFFC9} = {DE2EFBDD-CF84-4652-8ACA-CF129288AD82}
		{B4B5946E-FC18-404C-A142-DE7D04783E02} = {DE2EFBDD-CF84-4652-8ACA-CF129288AD82}
		{20062BF6-A347-4037-B5B8-45585FC502D6} = {9DD2AC9C-4DBB-4961-B0D6-4A5F0FD7A917}
		{31BF6DDA-70B7-4405-924F-A373050B758B} = {20062BF6-A347-4037-B5B8-45585FC502D6}
		{3BB9276F-9E6A-4372-83C1-6E45D16884E6} = {20062BF6-A347-4037-B5B8-45585FC502D6}
		{4249E2D2-A5C8-4421-A1EF-5BE7A31C0C51} = {DB4F5347-F717-4AA8-AA45-76A3285420C1}
		{A72E3630-2024-4195-B179-5EFBFD3BB5FA} = {DB4F5347-F717-4AA8-AA45-76A3285420C1}
		{119813F1-D7B5-4776-A958-4C45DC2C8824} = {DE2EFBDD-CF84-4652-8ACA-CF129288AD82}
		{5F3E32CF-4F35-4A2A-B1B1-E112476B5AE4} = {FB809E3B-E4D9-4A98-BC60-D5A4C62117AC}
		{DB4F5347-F717-4AA8-AA45-76A3285420C1} = {DE2EFBDD-CF84-4652-8ACA-CF129288AD82}
		{749D2352-878B-43C5-B849-98389F40A7A9} = {9DD2AC9C-4DBB-4961-B0D6-4A5F0FD7A917}
	EndGlobalSection
	GlobalSection(ExtensibilityGlobals) = postSolution
		SolutionGuid = {F3815370-82D8-4E9A-BC9E-382260353F90}
	EndGlobalSection
EndGlobal
