
Microsoft Visual Studio Solution File, Format Version 12.00
# Visual Studio 15
VisualStudioVersion = 15.0.33026.149
MinimumVisualStudioVersion = 10.0.40219.1
Project("{8BC9CEB8-8B4A-11D0-8D11-00A0C91BC942}") = "lab3", "lab3.vcxproj", "{CEE165F2-A4A0-4E58-92FA-BA7167420050}"
EndProject
Global
	GlobalSection(SolutionConfigurationPlatforms) = preSolution
		Debug|x64 = Debug|x64
		Debug|x86 = Debug|x86
		Release|x64 = Release|x64
		Release|x86 = Release|x86
	EndGlobalSection
	GlobalSection(ProjectConfigurationPlatforms) = postSolution
		{CEE165F2-A4A0-4E58-92FA-BA7167420050}.Debug|x64.ActiveCfg = Debug|x64
		{CEE165F2-A4A0-4E58-92FA-BA7167420050}.Debug|x64.Build.0 = Debug|x64
		{CEE165F2-A4A0-4E58-92FA-BA7167420050}.Debug|x86.ActiveCfg = Debug|Win32
		{CEE165F2-A4A0-4E58-92FA-BA7167420050}.Debug|x86.Build.0 = Debug|Win32
		{CEE165F2-A4A0-4E58-92FA-BA7167420050}.Release|x64.ActiveCfg = Release|x64
		{CEE165F2-A4A0-4E58-92FA-BA7167420050}.Release|x64.Build.0 = Release|x64
		{CEE165F2-A4A0-4E58-92FA-BA7167420050}.Release|x86.ActiveCfg = Release|Win32
		{CEE165F2-A4A0-4E58-92FA-BA7167420050}.Release|x86.Build.0 = Release|Win32
	EndGlobalSection
	GlobalSection(SolutionProperties) = preSolution
		HideSolutionNode = FALSE
	EndGlobalSection
	GlobalSection(ExtensibilityGlobals) = postSolution
		SolutionGuid = {0479896C-4F68-4DE0-88B8-1B05E86B28E9}
	EndGlobalSection
EndGlobal
