<?xml version="1.0" encoding="utf-8"?>
<Project ToolsVersion="4.0" xmlns="http://schemas.microsoft.com/developer/msbuild/2003">
  <ItemGroup>
    <ClCompile Include="main.c" />
    <ClCompile Include="renderer.c" />
    <ClCompile Include="framebuffer.c" />
    <ClCompile Include="cmathlib.c" />
  </ItemGroup>
  <ItemGroup>
    <ClInclude Include="renderer.h" />
    <ClInclude Include="framebuffer.h" />
    <ClInclude Include="common.h" />
    <ClInclude Include="cmathlib.h" />
  </ItemGroup>
</Project>