
Microsoft Visual Studio Solution File, Format Version 12.00
# Visual Studio 15
VisualStudioVersion = 15.0.28307.1758
MinimumVisualStudioVersion = 10.0.40219.1
Project("{8BC9CEB8-8B4A-11D0-8D11-00A0C91BC942}") = "lab1i", "lab1i\lab1i.vcxproj", "{AB9CFA99-70F5-4062-B670-FE40276E2294}"
EndProject
Project("{8BC9CEB8-8B4A-11D0-8D11-00A0C91BC942}") = "lab1k", "lab1k\lab1k.vcxproj", "{39BC7483-5842-4BBF-BC57-3AB5E551C64C}"
EndProject
Project("{8BC9CEB8-8B4A-11D0-8D11-00A0C91BC942}") = "lab2k", "lab2k\lab2k.vcxproj", "{BA30A8BB-C905-45AC-AF22-0094443528F9}"
EndProject
Project("{8BC9CEB8-8B4A-11D0-8D11-00A0C91BC942}") = "lab2i", "lab2i\lab2i.vcxproj", "{58B799D7-0853-4219-A4D8-4DA458DEFA58}"
EndProject
Project("{8BC9CEB8-8B4A-11D0-8D11-00A0C91BC942}") = "lab3k", "lab3k\lab3k.vcxproj", "{C782F359-D8AC-4F1F-983A-1708CC87FB8C}"
EndProject
Project("{8BC9CEB8-8B4A-11D0-8D11-00A0C91BC942}") = "lab3i", "lab3i\lab3i.vcxproj", "{49DFCE82-1E7A-4DBD-A2E1-76C22C63634E}"
EndProject
Project("{8BC9CEB8-8B4A-11D0-8D11-00A0C91BC942}") = "lab4k", "lab4k\lab4k.vcxproj", "{0BB9C4E4-44BD-4264-BFF3-51C3247D6578}"
EndProject
Project("{8BC9CEB8-8B4A-11D0-8D11-00A0C91BC942}") = "lab4i", "lab4i\lab4i.vcxproj", "{3876A23E-1F03-4B55-BC01-0BD9BB50100D}"
EndProject
Project("{8BC9CEB8-8B4A-11D0-8D11-00A0C91BC942}") = "lab5k", "lab5k\lab5k.vcxproj", "{B15CEE5B-B103-4D10-AE6A-B85A1FC6278A}"
EndProject
Project("{8BC9CEB8-8B4A-11D0-8D11-00A0C91BC942}") = "lab5i", "lab5i\lab5i.vcxproj", "{17DCC2D0-8286-4842-9E3E-AE4FDBE5411E}"
EndProject
Project("{8BC9CEB8-8B4A-11D0-8D11-00A0C91BC942}") = "lab6k", "lab6k\lab6k.vcxproj", "{14A926DD-D39B-4C26-9D9E-94CFA433926F}"
EndProject
Project("{8BC9CEB8-8B4A-11D0-8D11-00A0C91BC942}") = "lab7i", "lab7i\lab6i.vcxproj", "{826E1015-EDEC-4935-8BE1-52D5BB728256}"
EndProject
Project("{8BC9CEB8-8B4A-11D0-8D11-00A0C91BC942}") = "lab6i", "lab66i\lab66i.vcxproj", "{1A21DE2E-A2B3-4C60-B98C-1D322769E924}"
EndProject
Project("{2150E333-8FDC-42A3-9474-1A3956D46DE8}") = "Solution Items", "Solution Items", "{9618DB07-26DC-4F13-BC52-C61B68D5759A}"
	ProjectSection(SolutionItems) = preProject
		todo.txt = todo.txt
	EndProjectSection
EndProject
Project("{8BC9CEB8-8B4A-11D0-8D11-00A0C91BC942}") = "lab7k", "lab7k\lab7k.vcxproj", "{E4212904-B47E-4077-AE84-F26BB9A79DA4}"
EndProject
Project("{8BC9CEB8-8B4A-11D0-8D11-00A0C91BC942}") = "lab8k", "lab8k\lab8k.vcxproj", "{EF757D03-AA76-41BB-8470-E23EAEA3F9D0}"
EndProject
Project("{2150E333-8FDC-42A3-9474-1A3956D46DE8}") = "информатика", "информатика", "{B554F65B-09D5-4BC2-AB10-60EE956DF158}"
EndProject
Project("{2150E333-8FDC-42A3-9474-1A3956D46DE8}") = "основы алгормтимизации и программирования", "основы алгормтимизации и программирования", "{B89BAF84-C1B8-4379-94DC-E35A0A8410E4}"
EndProject
Project("{2150E333-8FDC-42A3-9474-1A3956D46DE8}") = "теория алгоритмов", "теория алгоритмов", "{C1CE3476-3C2E-4D36-8E9A-2080F8DA71E7}"
EndProject
Project("{8BC9CEB8-8B4A-11D0-8D11-00A0C91BC942}") = "lab8i", "lab8i\lab8i.vcxproj", "{B8286BCC-D6B4-442C-AE45-3D1180392677}"
EndProject
Project("{8BC9CEB8-8B4A-11D0-8D11-00A0C91BC942}") = "lab9k", "lab9k\lab9k.vcxproj", "{9917F139-21CD-46AD-8676-A0D2B947CF10}"
EndProject
Project("{8BC9CEB8-8B4A-11D0-8D11-00A0C91BC942}") = "lab9i", "lab9i\lab9i.vcxproj", "{F65DC00A-D041-4729-B9D7-7826AF5E6BCB}"
EndProject
Project("{8BC9CEB8-8B4A-11D0-8D11-00A0C91BC942}") = "lab10k", "lab10k\lab10k.vcxproj", "{2F3CAD47-03C5-41C5-8C74-123B08F376E2}"
EndProject
Project("{8BC9CEB8-8B4A-11D0-8D11-00A0C91BC942}") = "lab10i", "lab10i\lab10i.vcxproj", "{89F8BF3F-990C-46FE-9A6D-B1D5790CF714}"
EndProject
Project("{8BC9CEB8-8B4A-11D0-8D11-00A0C91BC942}") = "lab11k1", "lab11k\lab11k.vcxproj", "{F3530FAB-6FD5-41E3-B98C-3B2BCC53AA52}"
EndProject
Project("{2150E333-8FDC-42A3-9474-1A3956D46DE8}") = "lab11k", "lab11k", "{126B562C-6538-4CE0-B7F5-8ED7E1589764}"
EndProject
Project("{8BC9CEB8-8B4A-11D0-8D11-00A0C91BC942}") = "lab11k2", "lab11k2\lab11k2.vcxproj", "{B0EC706C-0BA9-49E9-8767-3F92BAD532F9}"
EndProject
Project("{2150E333-8FDC-42A3-9474-1A3956D46DE8}") = "lab11i", "lab11i", "{8D0FCEBE-625A-4AD8-8B80-3482B76D01D8}"
EndProject
Project("{2150E333-8FDC-42A3-9474-1A3956D46DE8}") = "lab12i", "lab12i", "{02014813-B0D6-4C18-9135-028E24CF7359}"
EndProject
Project("{2150E333-8FDC-42A3-9474-1A3956D46DE8}") = "lab12k", "lab12k", "{82C7F849-C6BE-4B2C-A756-CB10E8538088}"
EndProject
Project("{8BC9CEB8-8B4A-11D0-8D11-00A0C91BC942}") = "lab12k1", "lab12k1\lab12k1.vcxproj", "{20CCC508-3723-41B7-A4A4-562A7FD28788}"
EndProject
Project("{8BC9CEB8-8B4A-11D0-8D11-00A0C91BC942}") = "lab12k2", "lab12k2\lab12k2.vcxproj", "{21AAA266-F711-4025-9027-6F4A0D929737}"
EndProject
Project("{8BC9CEB8-8B4A-11D0-8D11-00A0C91BC942}") = "lab12k3", "lab12k3\lab12k3.vcxproj", "{B372C448-F034-414B-A3A1-AA059A6E44BC}"
EndProject
Project("{8BC9CEB8-8B4A-11D0-8D11-00A0C91BC942}") = "lab12i1", "lab12i1\lab12i1.vcxproj", "{C1002F44-F3FD-4BF8-8429-A42F73AD0C28}"
EndProject
Project("{8BC9CEB8-8B4A-11D0-8D11-00A0C91BC942}") = "lab12i2", "lab12i2\lab12i2.vcxproj", "{8C08D11B-F2C1-48C4-904D-57435E2F10E4}"
EndProject
Project("{8BC9CEB8-8B4A-11D0-8D11-00A0C91BC942}") = "lab12i3", "lab12i3\lab12i3.vcxproj", "{360ECE6E-84CA-4C29-8C28-F490BE69AF09}"
EndProject
Global
	GlobalSection(SolutionConfigurationPlatforms) = preSolution
		Debug|x64 = Debug|x64
		Debug|x86 = Debug|x86
		Release|x64 = Release|x64
		Release|x86 = Release|x86
	EndGlobalSection
	GlobalSection(ProjectConfigurationPlatforms) = postSolution
		{AB9CFA99-70F5-4062-B670-FE40276E2294}.Debug|x64.ActiveCfg = Debug|x64
		{AB9CFA99-70F5-4062-B670-FE40276E2294}.Debug|x64.Build.0 = Debug|x64
		{AB9CFA99-70F5-4062-B670-FE40276E2294}.Debug|x86.ActiveCfg = Debug|Win32
		{AB9CFA99-70F5-4062-B670-FE40276E2294}.Debug|x86.Build.0 = Debug|Win32
		{AB9CFA99-70F5-4062-B670-FE40276E2294}.Release|x64.ActiveCfg = Release|x64
		{AB9CFA99-70F5-4062-B670-FE40276E2294}.Release|x64.Build.0 = Release|x64
		{AB9CFA99-70F5-4062-B670-FE40276E2294}.Release|x86.ActiveCfg = Release|Win32
		{AB9CFA99-70F5-4062-B670-FE40276E2294}.Release|x86.Build.0 = Release|Win32
		{39BC7483-5842-4BBF-BC57-3AB5E551C64C}.Debug|x64.ActiveCfg = Debug|x64
		{39BC7483-5842-4BBF-BC57-3AB5E551C64C}.Debug|x64.Build.0 = Debug|x64
		{39BC7483-5842-4BBF-BC57-3AB5E551C64C}.Debug|x86.ActiveCfg = Debug|Win32
		{39BC7483-5842-4BBF-BC57-3AB5E551C64C}.Debug|x86.Build.0 = Debug|Win32
		{39BC7483-5842-4BBF-BC57-3AB5E551C64C}.Release|x64.ActiveCfg = Release|x64
		{39BC7483-5842-4BBF-BC57-3AB5E551C64C}.Release|x64.Build.0 = Release|x64
		{39BC7483-5842-4BBF-BC57-3AB5E551C64C}.Release|x86.ActiveCfg = Release|Win32
		{39BC7483-5842-4BBF-BC57-3AB5E551C64C}.Release|x86.Build.0 = Release|Win32
		{BA30A8BB-C905-45AC-AF22-0094443528F9}.Debug|x64.ActiveCfg = Debug|x64
		{BA30A8BB-C905-45AC-AF22-0094443528F9}.Debug|x64.Build.0 = Debug|x64
		{BA30A8BB-C905-45AC-AF22-0094443528F9}.Debug|x86.ActiveCfg = Debug|Win32
		{BA30A8BB-C905-45AC-AF22-0094443528F9}.Debug|x86.Build.0 = Debug|Win32
		{BA30A8BB-C905-45AC-AF22-0094443528F9}.Release|x64.ActiveCfg = Release|x64
		{BA30A8BB-C905-45AC-AF22-0094443528F9}.Release|x64.Build.0 = Release|x64
		{BA30A8BB-C905-45AC-AF22-0094443528F9}.Release|x86.ActiveCfg = Release|Win32
		{BA30A8BB-C905-45AC-AF22-0094443528F9}.Release|x86.Build.0 = Release|Win32
		{58B799D7-0853-4219-A4D8-4DA458DEFA58}.Debug|x64.ActiveCfg = Debug|x64
		{58B799D7-0853-4219-A4D8-4DA458DEFA58}.Debug|x64.Build.0 = Debug|x64
		{58B799D7-0853-4219-A4D8-4DA458DEFA58}.Debug|x86.ActiveCfg = Debug|Win32
		{58B799D7-0853-4219-A4D8-4DA458DEFA58}.Debug|x86.Build.0 = Debug|Win32
		{58B799D7-0853-4219-A4D8-4DA458DEFA58}.Release|x64.ActiveCfg = Release|x64
		{58B799D7-0853-4219-A4D8-4DA458DEFA58}.Release|x64.Build.0 = Release|x64
		{58B799D7-0853-4219-A4D8-4DA458DEFA58}.Release|x86.ActiveCfg = Release|Win32
		{58B799D7-0853-4219-A4D8-4DA458DEFA58}.Release|x86.Build.0 = Release|Win32
		{C782F359-D8AC-4F1F-983A-1708CC87FB8C}.Debug|x64.ActiveCfg = Debug|x64
		{C782F359-D8AC-4F1F-983A-1708CC87FB8C}.Debug|x64.Build.0 = Debug|x64
		{C782F359-D8AC-4F1F-983A-1708CC87FB8C}.Debug|x86.ActiveCfg = Debug|Win32
		{C782F359-D8AC-4F1F-983A-1708CC87FB8C}.Debug|x86.Build.0 = Debug|Win32
		{C782F359-D8AC-4F1F-983A-1708CC87FB8C}.Release|x64.ActiveCfg = Release|x64
		{C782F359-D8AC-4F1F-983A-1708CC87FB8C}.Release|x64.Build.0 = Release|x64
		{C782F359-D8AC-4F1F-983A-1708CC87FB8C}.Release|x86.ActiveCfg = Release|Win32
		{C782F359-D8AC-4F1F-983A-1708CC87FB8C}.Release|x86.Build.0 = Release|Win32
		{49DFCE82-1E7A-4DBD-A2E1-76C22C63634E}.Debug|x64.ActiveCfg = Debug|x64
		{49DFCE82-1E7A-4DBD-A2E1-76C22C63634E}.Debug|x64.Build.0 = Debug|x64
		{49DFCE82-1E7A-4DBD-A2E1-76C22C63634E}.Debug|x86.ActiveCfg = Debug|Win32
		{49DFCE82-1E7A-4DBD-A2E1-76C22C63634E}.Debug|x86.Build.0 = Debug|Win32
		{49DFCE82-1E7A-4DBD-A2E1-76C22C63634E}.Release|x64.ActiveCfg = Release|x64
		{49DFCE82-1E7A-4DBD-A2E1-76C22C63634E}.Release|x64.Build.0 = Release|x64
		{49DFCE82-1E7A-4DBD-A2E1-76C22C63634E}.Release|x86.ActiveCfg = Release|Win32
		{49DFCE82-1E7A-4DBD-A2E1-76C22C63634E}.Release|x86.Build.0 = Release|Win32
		{0BB9C4E4-44BD-4264-BFF3-51C3247D6578}.Debug|x64.ActiveCfg = Debug|x64
		{0BB9C4E4-44BD-4264-BFF3-51C3247D6578}.Debug|x64.Build.0 = Debug|x64
		{0BB9C4E4-44BD-4264-BFF3-51C3247D6578}.Debug|x86.ActiveCfg = Debug|Win32
		{0BB9C4E4-44BD-4264-BFF3-51C3247D6578}.Debug|x86.Build.0 = Debug|Win32
		{0BB9C4E4-44BD-4264-BFF3-51C3247D6578}.Release|x64.ActiveCfg = Release|x64
		{0BB9C4E4-44BD-4264-BFF3-51C3247D6578}.Release|x64.Build.0 = Release|x64
		{0BB9C4E4-44BD-4264-BFF3-51C3247D6578}.Release|x86.ActiveCfg = Release|Win32
		{0BB9C4E4-44BD-4264-BFF3-51C3247D6578}.Release|x86.Build.0 = Release|Win32
		{3876A23E-1F03-4B55-BC01-0BD9BB50100D}.Debug|x64.ActiveCfg = Debug|x64
		{3876A23E-1F03-4B55-BC01-0BD9BB50100D}.Debug|x64.Build.0 = Debug|x64
		{3876A23E-1F03-4B55-BC01-0BD9BB50100D}.Debug|x86.ActiveCfg = Debug|Win32
		{3876A23E-1F03-4B55-BC01-0BD9BB50100D}.Debug|x86.Build.0 = Debug|Win32
		{3876A23E-1F03-4B55-BC01-0BD9BB50100D}.Release|x64.ActiveCfg = Release|x64
		{3876A23E-1F03-4B55-BC01-0BD9BB50100D}.Release|x64.Build.0 = Release|x64
		{3876A23E-1F03-4B55-BC01-0BD9BB50100D}.Release|x86.ActiveCfg = Release|Win32
		{3876A23E-1F03-4B55-BC01-0BD9BB50100D}.Release|x86.Build.0 = Release|Win32
		{B15CEE5B-B103-4D10-AE6A-B85A1FC6278A}.Debug|x64.ActiveCfg = Debug|x64
		{B15CEE5B-B103-4D10-AE6A-B85A1FC6278A}.Debug|x64.Build.0 = Debug|x64
		{B15CEE5B-B103-4D10-AE6A-B85A1FC6278A}.Debug|x86.ActiveCfg = Debug|Win32
		{B15CEE5B-B103-4D10-AE6A-B85A1FC6278A}.Debug|x86.Build.0 = Debug|Win32
		{B15CEE5B-B103-4D10-AE6A-B85A1FC6278A}.Release|x64.ActiveCfg = Release|x64
		{B15CEE5B-B103-4D10-AE6A-B85A1FC6278A}.Release|x64.Build.0 = Release|x64
		{B15CEE5B-B103-4D10-AE6A-B85A1FC6278A}.Release|x86.ActiveCfg = Release|Win32
		{B15CEE5B-B103-4D10-AE6A-B85A1FC6278A}.Release|x86.Build.0 = Release|Win32
		{17DCC2D0-8286-4842-9E3E-AE4FDBE5411E}.Debug|x64.ActiveCfg = Debug|x64
		{17DCC2D0-8286-4842-9E3E-AE4FDBE5411E}.Debug|x64.Build.0 = Debug|x64
		{17DCC2D0-8286-4842-9E3E-AE4FDBE5411E}.Debug|x86.ActiveCfg = Debug|Win32
		{17DCC2D0-8286-4842-9E3E-AE4FDBE5411E}.Debug|x86.Build.0 = Debug|Win32
		{17DCC2D0-8286-4842-9E3E-AE4FDBE5411E}.Release|x64.ActiveCfg = Release|x64
		{17DCC2D0-8286-4842-9E3E-AE4FDBE5411E}.Release|x64.Build.0 = Release|x64
		{17DCC2D0-8286-4842-9E3E-AE4FDBE5411E}.Release|x86.ActiveCfg = Release|Win32
		{17DCC2D0-8286-4842-9E3E-AE4FDBE5411E}.Release|x86.Build.0 = Release|Win32
		{14A926DD-D39B-4C26-9D9E-94CFA433926F}.Debug|x64.ActiveCfg = Debug|x64
		{14A926DD-D39B-4C26-9D9E-94CFA433926F}.Debug|x64.Build.0 = Debug|x64
		{14A926DD-D39B-4C26-9D9E-94CFA433926F}.Debug|x86.ActiveCfg = Debug|Win32
		{14A926DD-D39B-4C26-9D9E-94CFA433926F}.Debug|x86.Build.0 = Debug|Win32
		{14A926DD-D39B-4C26-9D9E-94CFA433926F}.Release|x64.ActiveCfg = Release|x64
		{14A926DD-D39B-4C26-9D9E-94CFA433926F}.Release|x64.Build.0 = Release|x64
		{14A926DD-D39B-4C26-9D9E-94CFA433926F}.Release|x86.ActiveCfg = Release|Win32
		{14A926DD-D39B-4C26-9D9E-94CFA433926F}.Release|x86.Build.0 = Release|Win32
		{826E1015-EDEC-4935-8BE1-52D5BB728256}.Debug|x64.ActiveCfg = Debug|x64
		{826E1015-EDEC-4935-8BE1-52D5BB728256}.Debug|x64.Build.0 = Debug|x64
		{826E1015-EDEC-4935-8BE1-52D5BB728256}.Debug|x86.ActiveCfg = Debug|Win32
		{826E1015-EDEC-4935-8BE1-52D5BB728256}.Debug|x86.Build.0 = Debug|Win32
		{826E1015-EDEC-4935-8BE1-52D5BB728256}.Release|x64.ActiveCfg = Release|x64
		{826E1015-EDEC-4935-8BE1-52D5BB728256}.Release|x64.Build.0 = Release|x64
		{826E1015-EDEC-4935-8BE1-52D5BB728256}.Release|x86.ActiveCfg = Release|Win32
		{826E1015-EDEC-4935-8BE1-52D5BB728256}.Release|x86.Build.0 = Release|Win32
		{1A21DE2E-A2B3-4C60-B98C-1D322769E924}.Debug|x64.ActiveCfg = Debug|x64
		{1A21DE2E-A2B3-4C60-B98C-1D322769E924}.Debug|x64.Build.0 = Debug|x64
		{1A21DE2E-A2B3-4C60-B98C-1D322769E924}.Debug|x86.ActiveCfg = Debug|Win32
		{1A21DE2E-A2B3-4C60-B98C-1D322769E924}.Debug|x86.Build.0 = Debug|Win32
		{1A21DE2E-A2B3-4C60-B98C-1D322769E924}.Release|x64.ActiveCfg = Release|x64
		{1A21DE2E-A2B3-4C60-B98C-1D322769E924}.Release|x64.Build.0 = Release|x64
		{1A21DE2E-A2B3-4C60-B98C-1D322769E924}.Release|x86.ActiveCfg = Release|Win32
		{1A21DE2E-A2B3-4C60-B98C-1D322769E924}.Release|x86.Build.0 = Release|Win32
		{E4212904-B47E-4077-AE84-F26BB9A79DA4}.Debug|x64.ActiveCfg = Debug|x64
		{E4212904-B47E-4077-AE84-F26BB9A79DA4}.Debug|x64.Build.0 = Debug|x64
		{E4212904-B47E-4077-AE84-F26BB9A79DA4}.Debug|x86.ActiveCfg = Debug|Win32
		{E4212904-B47E-4077-AE84-F26BB9A79DA4}.Debug|x86.Build.0 = Debug|Win32
		{E4212904-B47E-4077-AE84-F26BB9A79DA4}.Release|x64.ActiveCfg = Release|x64
		{E4212904-B47E-4077-AE84-F26BB9A79DA4}.Release|x64.Build.0 = Release|x64
		{E4212904-B47E-4077-AE84-F26BB9A79DA4}.Release|x86.ActiveCfg = Release|Win32
		{E4212904-B47E-4077-AE84-F26BB9A79DA4}.Release|x86.Build.0 = Release|Win32
		{EF757D03-AA76-41BB-8470-E23EAEA3F9D0}.Debug|x64.ActiveCfg = Debug|x64
		{EF757D03-AA76-41BB-8470-E23EAEA3F9D0}.Debug|x64.Build.0 = Debug|x64
		{EF757D03-AA76-41BB-8470-E23EAEA3F9D0}.Debug|x86.ActiveCfg = Debug|Win32
		{EF757D03-AA76-41BB-8470-E23EAEA3F9D0}.Debug|x86.Build.0 = Debug|Win32
		{EF757D03-AA76-41BB-8470-E23EAEA3F9D0}.Release|x64.ActiveCfg = Release|x64
		{EF757D03-AA76-41BB-8470-E23EAEA3F9D0}.Release|x64.Build.0 = Release|x64
		{EF757D03-AA76-41BB-8470-E23EAEA3F9D0}.Release|x86.ActiveCfg = Release|Win32
		{EF757D03-AA76-41BB-8470-E23EAEA3F9D0}.Release|x86.Build.0 = Release|Win32
		{B8286BCC-D6B4-442C-AE45-3D1180392677}.Debug|x64.ActiveCfg = Debug|x64
		{B8286BCC-D6B4-442C-AE45-3D1180392677}.Debug|x64.Build.0 = Debug|x64
		{B8286BCC-D6B4-442C-AE45-3D1180392677}.Debug|x86.ActiveCfg = Debug|Win32
		{B8286BCC-D6B4-442C-AE45-3D1180392677}.Debug|x86.Build.0 = Debug|Win32
		{B8286BCC-D6B4-442C-AE45-3D1180392677}.Release|x64.ActiveCfg = Release|x64
		{B8286BCC-D6B4-442C-AE45-3D1180392677}.Release|x64.Build.0 = Release|x64
		{B8286BCC-D6B4-442C-AE45-3D1180392677}.Release|x86.ActiveCfg = Release|Win32
		{B8286BCC-D6B4-442C-AE45-3D1180392677}.Release|x86.Build.0 = Release|Win32
		{9917F139-21CD-46AD-8676-A0D2B947CF10}.Debug|x64.ActiveCfg = Debug|x64
		{9917F139-21CD-46AD-8676-A0D2B947CF10}.Debug|x64.Build.0 = Debug|x64
		{9917F139-21CD-46AD-8676-A0D2B947CF10}.Debug|x86.ActiveCfg = Debug|Win32
		{9917F139-21CD-46AD-8676-A0D2B947CF10}.Debug|x86.Build.0 = Debug|Win32
		{9917F139-21CD-46AD-8676-A0D2B947CF10}.Release|x64.ActiveCfg = Release|x64
		{9917F139-21CD-46AD-8676-A0D2B947CF10}.Release|x64.Build.0 = Release|x64
		{9917F139-21CD-46AD-8676-A0D2B947CF10}.Release|x86.ActiveCfg = Release|Win32
		{9917F139-21CD-46AD-8676-A0D2B947CF10}.Release|x86.Build.0 = Release|Win32
		{F65DC00A-D041-4729-B9D7-7826AF5E6BCB}.Debug|x64.ActiveCfg = Debug|x64
		{F65DC00A-D041-4729-B9D7-7826AF5E6BCB}.Debug|x64.Build.0 = Debug|x64
		{F65DC00A-D041-4729-B9D7-7826AF5E6BCB}.Debug|x86.ActiveCfg = Debug|Win32
		{F65DC00A-D041-4729-B9D7-7826AF5E6BCB}.Debug|x86.Build.0 = Debug|Win32
		{F65DC00A-D041-4729-B9D7-7826AF5E6BCB}.Release|x64.ActiveCfg = Release|x64
		{F65DC00A-D041-4729-B9D7-7826AF5E6BCB}.Release|x64.Build.0 = Release|x64
		{F65DC00A-D041-4729-B9D7-7826AF5E6BCB}.Release|x86.ActiveCfg = Release|Win32
		{F65DC00A-D041-4729-B9D7-7826AF5E6BCB}.Release|x86.Build.0 = Release|Win32
		{2F3CAD47-03C5-41C5-8C74-123B08F376E2}.Debug|x64.ActiveCfg = Debug|x64
		{2F3CAD47-03C5-41C5-8C74-123B08F376E2}.Debug|x64.Build.0 = Debug|x64
		{2F3CAD47-03C5-41C5-8C74-123B08F376E2}.Debug|x86.ActiveCfg = Debug|Win32
		{2F3CAD47-03C5-41C5-8C74-123B08F376E2}.Debug|x86.Build.0 = Debug|Win32
		{2F3CAD47-03C5-41C5-8C74-123B08F376E2}.Release|x64.ActiveCfg = Release|x64
		{2F3CAD47-03C5-41C5-8C74-123B08F376E2}.Release|x64.Build.0 = Release|x64
		{2F3CAD47-03C5-41C5-8C74-123B08F376E2}.Release|x86.ActiveCfg = Release|Win32
		{2F3CAD47-03C5-41C5-8C74-123B08F376E2}.Release|x86.Build.0 = Release|Win32
		{89F8BF3F-990C-46FE-9A6D-B1D5790CF714}.Debug|x64.ActiveCfg = Debug|x64
		{89F8BF3F-990C-46FE-9A6D-B1D5790CF714}.Debug|x64.Build.0 = Debug|x64
		{89F8BF3F-990C-46FE-9A6D-B1D5790CF714}.Debug|x86.ActiveCfg = Debug|Win32
		{89F8BF3F-990C-46FE-9A6D-B1D5790CF714}.Debug|x86.Build.0 = Debug|Win32
		{89F8BF3F-990C-46FE-9A6D-B1D5790CF714}.Release|x64.ActiveCfg = Release|x64
		{89F8BF3F-990C-46FE-9A6D-B1D5790CF714}.Release|x64.Build.0 = Release|x64
		{89F8BF3F-990C-46FE-9A6D-B1D5790CF714}.Release|x86.ActiveCfg = Release|Win32
		{89F8BF3F-990C-46FE-9A6D-B1D5790CF714}.Release|x86.Build.0 = Release|Win32
		{F3530FAB-6FD5-41E3-B98C-3B2BCC53AA52}.Debug|x64.ActiveCfg = Debug|x64
		{F3530FAB-6FD5-41E3-B98C-3B2BCC53AA52}.Debug|x64.Build.0 = Debug|x64
		{F3530FAB-6FD5-41E3-B98C-3B2BCC53AA52}.Debug|x86.ActiveCfg = Debug|Win32
		{F3530FAB-6FD5-41E3-B98C-3B2BCC53AA52}.Debug|x86.Build.0 = Debug|Win32
		{F3530FAB-6FD5-41E3-B98C-3B2BCC53AA52}.Release|x64.ActiveCfg = Release|x64
		{F3530FAB-6FD5-41E3-B98C-3B2BCC53AA52}.Release|x64.Build.0 = Release|x64
		{F3530FAB-6FD5-41E3-B98C-3B2BCC53AA52}.Release|x86.ActiveCfg = Release|Win32
		{F3530FAB-6FD5-41E3-B98C-3B2BCC53AA52}.Release|x86.Build.0 = Release|Win32
		{B0EC706C-0BA9-49E9-8767-3F92BAD532F9}.Debug|x64.ActiveCfg = Debug|x64
		{B0EC706C-0BA9-49E9-8767-3F92BAD532F9}.Debug|x64.Build.0 = Debug|x64
		{B0EC706C-0BA9-49E9-8767-3F92BAD532F9}.Debug|x86.ActiveCfg = Debug|Win32
		{B0EC706C-0BA9-49E9-8767-3F92BAD532F9}.Debug|x86.Build.0 = Debug|Win32
		{B0EC706C-0BA9-49E9-8767-3F92BAD532F9}.Release|x64.ActiveCfg = Release|x64
		{B0EC706C-0BA9-49E9-8767-3F92BAD532F9}.Release|x64.Build.0 = Release|x64
		{B0EC706C-0BA9-49E9-8767-3F92BAD532F9}.Release|x86.ActiveCfg = Release|Win32
		{B0EC706C-0BA9-49E9-8767-3F92BAD532F9}.Release|x86.Build.0 = Release|Win32
		{20CCC508-3723-41B7-A4A4-562A7FD28788}.Debug|x64.ActiveCfg = Debug|x64
		{20CCC508-3723-41B7-A4A4-562A7FD28788}.Debug|x64.Build.0 = Debug|x64
		{20CCC508-3723-41B7-A4A4-562A7FD28788}.Debug|x86.ActiveCfg = Debug|Win32
		{20CCC508-3723-41B7-A4A4-562A7FD28788}.Debug|x86.Build.0 = Debug|Win32
		{20CCC508-3723-41B7-A4A4-562A7FD28788}.Release|x64.ActiveCfg = Release|x64
		{20CCC508-3723-41B7-A4A4-562A7FD28788}.Release|x64.Build.0 = Release|x64
		{20CCC508-3723-41B7-A4A4-562A7FD28788}.Release|x86.ActiveCfg = Release|Win32
		{20CCC508-3723-41B7-A4A4-562A7FD28788}.Release|x86.Build.0 = Release|Win32
		{21AAA266-F711-4025-9027-6F4A0D929737}.Debug|x64.ActiveCfg = Debug|x64
		{21AAA266-F711-4025-9027-6F4A0D929737}.Debug|x64.Build.0 = Debug|x64
		{21AAA266-F711-4025-9027-6F4A0D929737}.Debug|x86.ActiveCfg = Debug|Win32
		{21AAA266-F711-4025-9027-6F4A0D929737}.Debug|x86.Build.0 = Debug|Win32
		{21AAA266-F711-4025-9027-6F4A0D929737}.Release|x64.ActiveCfg = Release|x64
		{21AAA266-F711-4025-9027-6F4A0D929737}.Release|x64.Build.0 = Release|x64
		{21AAA266-F711-4025-9027-6F4A0D929737}.Release|x86.ActiveCfg = Release|Win32
		{21AAA266-F711-4025-9027-6F4A0D929737}.Release|x86.Build.0 = Release|Win32
		{B372C448-F034-414B-A3A1-AA059A6E44BC}.Debug|x64.ActiveCfg = Debug|x64
		{B372C448-F034-414B-A3A1-AA059A6E44BC}.Debug|x64.Build.0 = Debug|x64
		{B372C448-F034-414B-A3A1-AA059A6E44BC}.Debug|x86.ActiveCfg = Debug|Win32
		{B372C448-F034-414B-A3A1-AA059A6E44BC}.Debug|x86.Build.0 = Debug|Win32
		{B372C448-F034-414B-A3A1-AA059A6E44BC}.Release|x64.ActiveCfg = Release|x64
		{B372C448-F034-414B-A3A1-AA059A6E44BC}.Release|x64.Build.0 = Release|x64
		{B372C448-F034-414B-A3A1-AA059A6E44BC}.Release|x86.ActiveCfg = Release|Win32
		{B372C448-F034-414B-A3A1-AA059A6E44BC}.Release|x86.Build.0 = Release|Win32
		{C1002F44-F3FD-4BF8-8429-A42F73AD0C28}.Debug|x64.ActiveCfg = Debug|x64
		{C1002F44-F3FD-4BF8-8429-A42F73AD0C28}.Debug|x64.Build.0 = Debug|x64
		{C1002F44-F3FD-4BF8-8429-A42F73AD0C28}.Debug|x86.ActiveCfg = Debug|Win32
		{C1002F44-F3FD-4BF8-8429-A42F73AD0C28}.Debug|x86.Build.0 = Debug|Win32
		{C1002F44-F3FD-4BF8-8429-A42F73AD0C28}.Release|x64.ActiveCfg = Release|x64
		{C1002F44-F3FD-4BF8-8429-A42F73AD0C28}.Release|x64.Build.0 = Release|x64
		{C1002F44-F3FD-4BF8-8429-A42F73AD0C28}.Release|x86.ActiveCfg = Release|Win32
		{C1002F44-F3FD-4BF8-8429-A42F73AD0C28}.Release|x86.Build.0 = Release|Win32
		{8C08D11B-F2C1-48C4-904D-57435E2F10E4}.Debug|x64.ActiveCfg = Debug|x64
		{8C08D11B-F2C1-48C4-904D-57435E2F10E4}.Debug|x64.Build.0 = Debug|x64
		{8C08D11B-F2C1-48C4-904D-57435E2F10E4}.Debug|x86.ActiveCfg = Debug|Win32
		{8C08D11B-F2C1-48C4-904D-57435E2F10E4}.Debug|x86.Build.0 = Debug|Win32
		{8C08D11B-F2C1-48C4-904D-57435E2F10E4}.Release|x64.ActiveCfg = Release|x64
		{8C08D11B-F2C1-48C4-904D-57435E2F10E4}.Release|x64.Build.0 = Release|x64
		{8C08D11B-F2C1-48C4-904D-57435E2F10E4}.Release|x86.ActiveCfg = Release|Win32
		{8C08D11B-F2C1-48C4-904D-57435E2F10E4}.Release|x86.Build.0 = Release|Win32
		{360ECE6E-84CA-4C29-8C28-F490BE69AF09}.Debug|x64.ActiveCfg = Debug|x64
		{360ECE6E-84CA-4C29-8C28-F490BE69AF09}.Debug|x64.Build.0 = Debug|x64
		{360ECE6E-84CA-4C29-8C28-F490BE69AF09}.Debug|x86.ActiveCfg = Debug|Win32
		{360ECE6E-84CA-4C29-8C28-F490BE69AF09}.Debug|x86.Build.0 = Debug|Win32
		{360ECE6E-84CA-4C29-8C28-F490BE69AF09}.Release|x64.ActiveCfg = Release|x64
		{360ECE6E-84CA-4C29-8C28-F490BE69AF09}.Release|x64.Build.0 = Release|x64
		{360ECE6E-84CA-4C29-8C28-F490BE69AF09}.Release|x86.ActiveCfg = Release|Win32
		{360ECE6E-84CA-4C29-8C28-F490BE69AF09}.Release|x86.Build.0 = Release|Win32
	EndGlobalSection
	GlobalSection(SolutionProperties) = preSolution
		HideSolutionNode = FALSE
	EndGlobalSection
	GlobalSection(NestedProjects) = preSolution
		{AB9CFA99-70F5-4062-B670-FE40276E2294} = {B554F65B-09D5-4BC2-AB10-60EE956DF158}
		{39BC7483-5842-4BBF-BC57-3AB5E551C64C} = {B554F65B-09D5-4BC2-AB10-60EE956DF158}
		{BA30A8BB-C905-45AC-AF22-0094443528F9} = {B554F65B-09D5-4BC2-AB10-60EE956DF158}
		{58B799D7-0853-4219-A4D8-4DA458DEFA58} = {B554F65B-09D5-4BC2-AB10-60EE956DF158}
		{C782F359-D8AC-4F1F-983A-1708CC87FB8C} = {B554F65B-09D5-4BC2-AB10-60EE956DF158}
		{49DFCE82-1E7A-4DBD-A2E1-76C22C63634E} = {B554F65B-09D5-4BC2-AB10-60EE956DF158}
		{0BB9C4E4-44BD-4264-BFF3-51C3247D6578} = {B554F65B-09D5-4BC2-AB10-60EE956DF158}
		{3876A23E-1F03-4B55-BC01-0BD9BB50100D} = {B554F65B-09D5-4BC2-AB10-60EE956DF158}
		{B15CEE5B-B103-4D10-AE6A-B85A1FC6278A} = {B554F65B-09D5-4BC2-AB10-60EE956DF158}
		{17DCC2D0-8286-4842-9E3E-AE4FDBE5411E} = {B554F65B-09D5-4BC2-AB10-60EE956DF158}
		{14A926DD-D39B-4C26-9D9E-94CFA433926F} = {B554F65B-09D5-4BC2-AB10-60EE956DF158}
		{826E1015-EDEC-4935-8BE1-52D5BB728256} = {B554F65B-09D5-4BC2-AB10-60EE956DF158}
		{1A21DE2E-A2B3-4C60-B98C-1D322769E924} = {B554F65B-09D5-4BC2-AB10-60EE956DF158}
		{E4212904-B47E-4077-AE84-F26BB9A79DA4} = {B554F65B-09D5-4BC2-AB10-60EE956DF158}
		{EF757D03-AA76-41BB-8470-E23EAEA3F9D0} = {B89BAF84-C1B8-4379-94DC-E35A0A8410E4}
		{B8286BCC-D6B4-442C-AE45-3D1180392677} = {B89BAF84-C1B8-4379-94DC-E35A0A8410E4}
		{9917F139-21CD-46AD-8676-A0D2B947CF10} = {B89BAF84-C1B8-4379-94DC-E35A0A8410E4}
		{F65DC00A-D041-4729-B9D7-7826AF5E6BCB} = {B89BAF84-C1B8-4379-94DC-E35A0A8410E4}
		{2F3CAD47-03C5-41C5-8C74-123B08F376E2} = {B89BAF84-C1B8-4379-94DC-E35A0A8410E4}
		{89F8BF3F-990C-46FE-9A6D-B1D5790CF714} = {B89BAF84-C1B8-4379-94DC-E35A0A8410E4}
		{F3530FAB-6FD5-41E3-B98C-3B2BCC53AA52} = {126B562C-6538-4CE0-B7F5-8ED7E1589764}
		{126B562C-6538-4CE0-B7F5-8ED7E1589764} = {B89BAF84-C1B8-4379-94DC-E35A0A8410E4}
		{B0EC706C-0BA9-49E9-8767-3F92BAD532F9} = {126B562C-6538-4CE0-B7F5-8ED7E1589764}
		{8D0FCEBE-625A-4AD8-8B80-3482B76D01D8} = {B89BAF84-C1B8-4379-94DC-E35A0A8410E4}
		{02014813-B0D6-4C18-9135-028E24CF7359} = {B89BAF84-C1B8-4379-94DC-E35A0A8410E4}
		{82C7F849-C6BE-4B2C-A756-CB10E8538088} = {B89BAF84-C1B8-4379-94DC-E35A0A8410E4}
		{20CCC508-3723-41B7-A4A4-562A7FD28788} = {82C7F849-C6BE-4B2C-A756-CB10E8538088}
		{21AAA266-F711-4025-9027-6F4A0D929737} = {82C7F849-C6BE-4B2C-A756-CB10E8538088}
		{B372C448-F034-414B-A3A1-AA059A6E44BC} = {82C7F849-C6BE-4B2C-A756-CB10E8538088}
		{C1002F44-F3FD-4BF8-8429-A42F73AD0C28} = {02014813-B0D6-4C18-9135-028E24CF7359}
		{8C08D11B-F2C1-48C4-904D-57435E2F10E4} = {02014813-B0D6-4C18-9135-028E24CF7359}
		{360ECE6E-84CA-4C29-8C28-F490BE69AF09} = {02014813-B0D6-4C18-9135-028E24CF7359}
	EndGlobalSection
	GlobalSection(ExtensibilityGlobals) = postSolution
		SolutionGuid = {BEE62E94-7F08-4239-BB53-E68F34AC98AA}
	EndGlobalSection
EndGlobal
