<?xml version="1.0" encoding="utf-8"?>
<Project ToolsVersion="4.0" xmlns="http://schemas.microsoft.com/developer/msbuild/2003">
  <ItemGroup>
    <ClCompile Include="lab11i4.cpp" />
    <ClCompile Include="..\lab3i\pair.cpp" />
  </ItemGroup>
  <ItemGroup>
    <ClInclude Include="..\lab3i\pair.h" />
  </ItemGroup>
</Project>