<?xml version="1.0" encoding="utf-8"?>
<Project ToolsVersion="4.0" xmlns="http://schemas.microsoft.com/developer/msbuild/2003">
  <ItemGroup>
    <ClCompile Include="lab4k.cpp" />
    <ClCompile Include="pair2.cpp" />
    <ClCompile Include="complex.cpp" />
  </ItemGroup>
  <ItemGroup>
    <ClInclude Include="pair2.h" />
    <ClInclude Include="complex.h" />
  </ItemGroup>
</Project>