
Microsoft Visual Studio Solution File, Format Version 12.00
# Visual Studio Version 17
VisualStudioVersion = 17.5.33516.290
MinimumVisualStudioVersion = 10.0.40219.1
Project("{9A19103F-16F7-4668-BE54-9A1E7A4F7556}") = "lab1", "lab1\lab1.csproj", "{02EDA4EA-6132-4D58-974A-C3BC48C7E467}"
EndProject
Project("{9A19103F-16F7-4668-BE54-9A1E7A4F7556}") = "lab1_test", "lab1_test\lab1_test.csproj", "{50507AD0-2981-4DCE-AE55-6F49745B6AE6}"
EndProject
Project("{9A19103F-16F7-4668-BE54-9A1E7A4F7556}") = "lab2", "lab2\lab2.csproj", "{0BE6FAF6-30B3-4903-922B-1D76FE8AD718}"
EndProject
Project("{9A19103F-16F7-4668-BE54-9A1E7A4F7556}") = "lab3", "lab3\lab3.csproj", "{A74E5C61-AAB9-4BA7-9E0A-D5DB1FD9C1AD}"
EndProject
Project("{9A19103F-16F7-4668-BE54-9A1E7A4F7556}") = "lab3_test", "lab3_test\lab3_test.csproj", "{45EE9CFA-FFE3-4F0B-9DF6-ED9F32C5B236}"
EndProject
Project("{9A19103F-16F7-4668-BE54-9A1E7A4F7556}") = "lab4", "lab4\lab4.csproj", "{D5DDAACE-D7EF-4128-A93E-00FD2CB944E8}"
EndProject
Project("{9A19103F-16F7-4668-BE54-9A1E7A4F7556}") = "lab5", "lab5\lab5.csproj", "{83C5AD45-F3BD-4D6A-85A9-03F306289888}"
EndProject
Project("{9A19103F-16F7-4668-BE54-9A1E7A4F7556}") = "lab5_test", "lab5_test\lab5_test.csproj", "{37974495-0EFC-4762-8204-801C8358CE34}"
EndProject
Project("{9A19103F-16F7-4668-BE54-9A1E7A4F7556}") = "lab6", "lab6\lab6.csproj", "{29E4B6DA-AFFF-4E51-B13C-750FB100D6E3}"
EndProject
Project("{9A19103F-16F7-4668-BE54-9A1E7A4F7556}") = "lab9", "lab7\lab9.csproj", "{2A1A44D9-B859-4F4E-ABCA-69E50687EBA1}"
EndProject
Project("{9A19103F-16F7-4668-BE54-9A1E7A4F7556}") = "lab10", "lab10\lab10.csproj", "{1477E87E-1B29-4C1C-9A5C-32ACD3CBE498}"
EndProject
Project("{9A19103F-16F7-4668-BE54-9A1E7A4F7556}") = "lab10.1", "lab10.1\lab10.1.csproj", "{4DC5F2E5-669F-4622-9BFB-11E051412E90}"
EndProject
Project("{9A19103F-16F7-4668-BE54-9A1E7A4F7556}") = "lab10_2", "10_2\lab10_2.csproj", "{B1EB7864-4588-4B7F-8B7A-491A8F95FC51}"
EndProject
Project("{9A19103F-16F7-4668-BE54-9A1E7A4F7556}") = "10_3", "10_3\10_3.csproj", "{90FF6D03-0C6A-406C-ACF4-8A84D3E73AF5}"
EndProject
Project("{9A19103F-16F7-4668-BE54-9A1E7A4F7556}") = "lab4_test", "lab4_test\lab4_test.csproj", "{2217F3E1-2C6C-4E14-89A8-D2AD19DB68D0}"
EndProject
Project("{9A19103F-16F7-4668-BE54-9A1E7A4F7556}") = "lab6_test", "lab6_test\lab6_test.csproj", "{147700B6-1750-4C16-9A7D-A7B7B6C3A5F2}"
EndProject
Project("{9A19103F-16F7-4668-BE54-9A1E7A4F7556}") = "lab9_test", "lab9_test\lab9_test.csproj", "{D9419B9F-F633-4D4F-A760-80488C5B0A20}"
EndProject
Project("{9A19103F-16F7-4668-BE54-9A1E7A4F7556}") = "lab10_3_test", "lab10_3_test\lab10_3_test.csproj", "{D0E0CA93-AA28-44D0-B4F9-1E247B4010F9}"
EndProject
Project("{9A19103F-16F7-4668-BE54-9A1E7A4F7556}") = "lab10_test", "lab10_test\lab10_test.csproj", "{D84925C8-4AB3-4923-8980-342FFFA22CD2}"
EndProject
Project("{9A19103F-16F7-4668-BE54-9A1E7A4F7556}") = "lab10_1_test", "lab10_1_test\lab10_1_test.csproj", "{86EC1F50-B43B-44AE-A0B0-C505AE64F0B2}"
EndProject
Project("{9A19103F-16F7-4668-BE54-9A1E7A4F7556}") = "lab10_2_test", "lab10_2_test\lab10_2_test.csproj", "{B6894425-F730-486D-A1EF-9F5B4F5E2BC3}"
EndProject
Project("{9A19103F-16F7-4668-BE54-9A1E7A4F7556}") = "lab11k", "lab11k\lab11k.csproj", "{6979D34E-D175-419B-9BD6-62FA7EF93B82}"
EndProject
Project("{9A19103F-16F7-4668-BE54-9A1E7A4F7556}") = "lab12k", "lab12k\lab12k.csproj", "{4808BD0C-2D40-465D-8D9F-8AD4DC011EFA}"
EndProject
Project("{9A19103F-16F7-4668-BE54-9A1E7A4F7556}") = "lab11i", "lab11i\lab11i.csproj", "{247C8AED-7920-4B10-A1B7-855E9F475BC4}"
EndProject
Project("{2150E333-8FDC-42A3-9474-1A3956D46DE8}") = "Igor", "Igor", "{1CC2EAC4-6A2C-4C17-9C56-B7D1CA3EEB9F}"
EndProject
Project("{9A19103F-16F7-4668-BE54-9A1E7A4F7556}") = "Lab10_1", "Lab10i\Lab10_1.csproj", "{77886834-421F-40A6-8111-B0D85B2D6542}"
EndProject
Project("{9A19103F-16F7-4668-BE54-9A1E7A4F7556}") = "Lab10_1NoVirtual", "Lab10i_1NoVirtual\Lab10_1NoVirtual.csproj", "{A8719F75-7E1C-4E7A-95DB-EB9EC7219F94}"
EndProject
Project("{9A19103F-16F7-4668-BE54-9A1E7A4F7556}") = "Lab10_1Tests", "Lab10i_1Tests\Lab10_1Tests.csproj", "{3C62CB3E-D8CD-4A50-99D0-EF7CE298BA3E}"
EndProject
Project("{9A19103F-16F7-4668-BE54-9A1E7A4F7556}") = "Lab10_2", "Lab10i_2\Lab10_2.csproj", "{49F48CE0-C39B-42E9-B7DE-C0772E82FAE8}"
EndProject
Project("{FAE04EC0-301F-11D3-BF4B-00C04F79EFBC}") = "lab13k2", "lab13k2\lab13k2.csproj", "{3A5780A8-78F4-452F-BE27-C6AE5916FA2B}"
EndProject
Global
	GlobalSection(SolutionConfigurationPlatforms) = preSolution
		Debug|Any CPU = Debug|Any CPU
		Debug|x64 = Debug|x64
		Debug|x86 = Debug|x86
		Release|Any CPU = Release|Any CPU
		Release|x64 = Release|x64
		Release|x86 = Release|x86
	EndGlobalSection
	GlobalSection(ProjectConfigurationPlatforms) = postSolution
		{02EDA4EA-6132-4D58-974A-C3BC48C7E467}.Debug|Any CPU.ActiveCfg = Debug|Any CPU
		{02EDA4EA-6132-4D58-974A-C3BC48C7E467}.Debug|Any CPU.Build.0 = Debug|Any CPU
		{02EDA4EA-6132-4D58-974A-C3BC48C7E467}.Debug|x64.ActiveCfg = Debug|Any CPU
		{02EDA4EA-6132-4D58-974A-C3BC48C7E467}.Debug|x64.Build.0 = Debug|Any CPU
		{02EDA4EA-6132-4D58-974A-C3BC48C7E467}.Debug|x86.ActiveCfg = Debug|Any CPU
		{02EDA4EA-6132-4D58-974A-C3BC48C7E467}.Debug|x86.Build.0 = Debug|Any CPU
		{02EDA4EA-6132-4D58-974A-C3BC48C7E467}.Release|Any CPU.ActiveCfg = Release|Any CPU
		{02EDA4EA-6132-4D58-974A-C3BC48C7E467}.Release|Any CPU.Build.0 = Release|Any CPU
		{02EDA4EA-6132-4D58-974A-C3BC48C7E467}.Release|x64.ActiveCfg = Release|Any CPU
		{02EDA4EA-6132-4D58-974A-C3BC48C7E467}.Release|x64.Build.0 = Release|Any CPU
		{02EDA4EA-6132-4D58-974A-C3BC48C7E467}.Release|x86.ActiveCfg = Release|Any CPU
		{02EDA4EA-6132-4D58-974A-C3BC48C7E467}.Release|x86.Build.0 = Release|Any CPU
		{50507AD0-2981-4DCE-AE55-6F49745B6AE6}.Debug|Any CPU.ActiveCfg = Debug|Any CPU
		{50507AD0-2981-4DCE-AE55-6F49745B6AE6}.Debug|Any CPU.Build.0 = Debug|Any CPU
		{50507AD0-2981-4DCE-AE55-6F49745B6AE6}.Debug|x64.ActiveCfg = Debug|Any CPU
		{50507AD0-2981-4DCE-AE55-6F49745B6AE6}.Debug|x64.Build.0 = Debug|Any CPU
		{50507AD0-2981-4DCE-AE55-6F49745B6AE6}.Debug|x86.ActiveCfg = Debug|Any CPU
		{50507AD0-2981-4DCE-AE55-6F49745B6AE6}.Debug|x86.Build.0 = Debug|Any CPU
		{50507AD0-2981-4DCE-AE55-6F49745B6AE6}.Release|Any CPU.ActiveCfg = Release|Any CPU
		{50507AD0-2981-4DCE-AE55-6F49745B6AE6}.Release|Any CPU.Build.0 = Release|Any CPU
		{50507AD0-2981-4DCE-AE55-6F49745B6AE6}.Release|x64.ActiveCfg = Release|Any CPU
		{50507AD0-2981-4DCE-AE55-6F49745B6AE6}.Release|x64.Build.0 = Release|Any CPU
		{50507AD0-2981-4DCE-AE55-6F49745B6AE6}.Release|x86.ActiveCfg = Release|Any CPU
		{50507AD0-2981-4DCE-AE55-6F49745B6AE6}.Release|x86.Build.0 = Release|Any CPU
		{0BE6FAF6-30B3-4903-922B-1D76FE8AD718}.Debug|Any CPU.ActiveCfg = Debug|Any CPU
		{0BE6FAF6-30B3-4903-922B-1D76FE8AD718}.Debug|Any CPU.Build.0 = Debug|Any CPU
		{0BE6FAF6-30B3-4903-922B-1D76FE8AD718}.Debug|x64.ActiveCfg = Debug|Any CPU
		{0BE6FAF6-30B3-4903-922B-1D76FE8AD718}.Debug|x64.Build.0 = Debug|Any CPU
		{0BE6FAF6-30B3-4903-922B-1D76FE8AD718}.Debug|x86.ActiveCfg = Debug|Any CPU
		{0BE6FAF6-30B3-4903-922B-1D76FE8AD718}.Debug|x86.Build.0 = Debug|Any CPU
		{0BE6FAF6-30B3-4903-922B-1D76FE8AD718}.Release|Any CPU.ActiveCfg = Release|Any CPU
		{0BE6FAF6-30B3-4903-922B-1D76FE8AD718}.Release|Any CPU.Build.0 = Release|Any CPU
		{0BE6FAF6-30B3-4903-922B-1D76FE8AD718}.Release|x64.ActiveCfg = Release|Any CPU
		{0BE6FAF6-30B3-4903-922B-1D76FE8AD718}.Release|x64.Build.0 = Release|Any CPU
		{0BE6FAF6-30B3-4903-922B-1D76FE8AD718}.Release|x86.ActiveCfg = Release|Any CPU
		{0BE6FAF6-30B3-4903-922B-1D76FE8AD718}.Release|x86.Build.0 = Release|Any CPU
		{A74E5C61-AAB9-4BA7-9E0A-D5DB1FD9C1AD}.Debug|Any CPU.ActiveCfg = Debug|Any CPU
		{A74E5C61-AAB9-4BA7-9E0A-D5DB1FD9C1AD}.Debug|Any CPU.Build.0 = Debug|Any CPU
		{A74E5C61-AAB9-4BA7-9E0A-D5DB1FD9C1AD}.Debug|x64.ActiveCfg = Debug|Any CPU
		{A74E5C61-AAB9-4BA7-9E0A-D5DB1FD9C1AD}.Debug|x64.Build.0 = Debug|Any CPU
		{A74E5C61-AAB9-4BA7-9E0A-D5DB1FD9C1AD}.Debug|x86.ActiveCfg = Debug|Any CPU
		{A74E5C61-AAB9-4BA7-9E0A-D5DB1FD9C1AD}.Debug|x86.Build.0 = Debug|Any CPU
		{A74E5C61-AAB9-4BA7-9E0A-D5DB1FD9C1AD}.Release|Any CPU.ActiveCfg = Release|Any CPU
		{A74E5C61-AAB9-4BA7-9E0A-D5DB1FD9C1AD}.Release|Any CPU.Build.0 = Release|Any CPU
		{A74E5C61-AAB9-4BA7-9E0A-D5DB1FD9C1AD}.Release|x64.ActiveCfg = Release|Any CPU
		{A74E5C61-AAB9-4BA7-9E0A-D5DB1FD9C1AD}.Release|x64.Build.0 = Release|Any CPU
		{A74E5C61-AAB9-4BA7-9E0A-D5DB1FD9C1AD}.Release|x86.ActiveCfg = Release|Any CPU
		{A74E5C61-AAB9-4BA7-9E0A-D5DB1FD9C1AD}.Release|x86.Build.0 = Release|Any CPU
		{45EE9CFA-FFE3-4F0B-9DF6-ED9F32C5B236}.Debug|Any CPU.ActiveCfg = Debug|Any CPU
		{45EE9CFA-FFE3-4F0B-9DF6-ED9F32C5B236}.Debug|Any CPU.Build.0 = Debug|Any CPU
		{45EE9CFA-FFE3-4F0B-9DF6-ED9F32C5B236}.Debug|x64.ActiveCfg = Debug|Any CPU
		{45EE9CFA-FFE3-4F0B-9DF6-ED9F32C5B236}.Debug|x64.Build.0 = Debug|Any CPU
		{45EE9CFA-FFE3-4F0B-9DF6-ED9F32C5B236}.Debug|x86.ActiveCfg = Debug|Any CPU
		{45EE9CFA-FFE3-4F0B-9DF6-ED9F32C5B236}.Debug|x86.Build.0 = Debug|Any CPU
		{45EE9CFA-FFE3-4F0B-9DF6-ED9F32C5B236}.Release|Any CPU.ActiveCfg = Release|Any CPU
		{45EE9CFA-FFE3-4F0B-9DF6-ED9F32C5B236}.Release|Any CPU.Build.0 = Release|Any CPU
		{45EE9CFA-FFE3-4F0B-9DF6-ED9F32C5B236}.Release|x64.ActiveCfg = Release|Any CPU
		{45EE9CFA-FFE3-4F0B-9DF6-ED9F32C5B236}.Release|x64.Build.0 = Release|Any CPU
		{45EE9CFA-FFE3-4F0B-9DF6-ED9F32C5B236}.Release|x86.ActiveCfg = Release|Any CPU
		{45EE9CFA-FFE3-4F0B-9DF6-ED9F32C5B236}.Release|x86.Build.0 = Release|Any CPU
		{D5DDAACE-D7EF-4128-A93E-00FD2CB944E8}.Debug|Any CPU.ActiveCfg = Debug|Any CPU
		{D5DDAACE-D7EF-4128-A93E-00FD2CB944E8}.Debug|Any CPU.Build.0 = Debug|Any CPU
		{D5DDAACE-D7EF-4128-A93E-00FD2CB944E8}.Debug|x64.ActiveCfg = Debug|Any CPU
		{D5DDAACE-D7EF-4128-A93E-00FD2CB944E8}.Debug|x64.Build.0 = Debug|Any CPU
		{D5DDAACE-D7EF-4128-A93E-00FD2CB944E8}.Debug|x86.ActiveCfg = Debug|Any CPU
		{D5DDAACE-D7EF-4128-A93E-00FD2CB944E8}.Debug|x86.Build.0 = Debug|Any CPU
		{D5DDAACE-D7EF-4128-A93E-00FD2CB944E8}.Release|Any CPU.ActiveCfg = Release|Any CPU
		{D5DDAACE-D7EF-4128-A93E-00FD2CB944E8}.Release|Any CPU.Build.0 = Release|Any CPU
		{D5DDAACE-D7EF-4128-A93E-00FD2CB944E8}.Release|x64.ActiveCfg = Release|Any CPU
		{D5DDAACE-D7EF-4128-A93E-00FD2CB944E8}.Release|x64.Build.0 = Release|Any CPU
		{D5DDAACE-D7EF-4128-A93E-00FD2CB944E8}.Release|x86.ActiveCfg = Release|Any CPU
		{D5DDAACE-D7EF-4128-A93E-00FD2CB944E8}.Release|x86.Build.0 = Release|Any CPU
		{83C5AD45-F3BD-4D6A-85A9-03F306289888}.Debug|Any CPU.ActiveCfg = Debug|Any CPU
		{83C5AD45-F3BD-4D6A-85A9-03F306289888}.Debug|Any CPU.Build.0 = Debug|Any CPU
		{83C5AD45-F3BD-4D6A-85A9-03F306289888}.Debug|x64.ActiveCfg = Debug|Any CPU
		{83C5AD45-F3BD-4D6A-85A9-03F306289888}.Debug|x64.Build.0 = Debug|Any CPU
		{83C5AD45-F3BD-4D6A-85A9-03F306289888}.Debug|x86.ActiveCfg = Debug|Any CPU
		{83C5AD45-F3BD-4D6A-85A9-03F306289888}.Debug|x86.Build.0 = Debug|Any CPU
		{83C5AD45-F3BD-4D6A-85A9-03F306289888}.Release|Any CPU.ActiveCfg = Release|Any CPU
		{83C5AD45-F3BD-4D6A-85A9-03F306289888}.Release|Any CPU.Build.0 = Release|Any CPU
		{83C5AD45-F3BD-4D6A-85A9-03F306289888}.Release|x64.ActiveCfg = Release|Any CPU
		{83C5AD45-F3BD-4D6A-85A9-03F306289888}.Release|x64.Build.0 = Release|Any CPU
		{83C5AD45-F3BD-4D6A-85A9-03F306289888}.Release|x86.ActiveCfg = Release|Any CPU
		{83C5AD45-F3BD-4D6A-85A9-03F306289888}.Release|x86.Build.0 = Release|Any CPU
		{37974495-0EFC-4762-8204-801C8358CE34}.Debug|Any CPU.ActiveCfg = Debug|Any CPU
		{37974495-0EFC-4762-8204-801C8358CE34}.Debug|Any CPU.Build.0 = Debug|Any CPU
		{37974495-0EFC-4762-8204-801C8358CE34}.Debug|x64.ActiveCfg = Debug|Any CPU
		{37974495-0EFC-4762-8204-801C8358CE34}.Debug|x64.Build.0 = Debug|Any CPU
		{37974495-0EFC-4762-8204-801C8358CE34}.Debug|x86.ActiveCfg = Debug|Any CPU
		{37974495-0EFC-4762-8204-801C8358CE34}.Debug|x86.Build.0 = Debug|Any CPU
		{37974495-0EFC-4762-8204-801C8358CE34}.Release|Any CPU.ActiveCfg = Release|Any CPU
		{37974495-0EFC-4762-8204-801C8358CE34}.Release|Any CPU.Build.0 = Release|Any CPU
		{37974495-0EFC-4762-8204-801C8358CE34}.Release|x64.ActiveCfg = Release|Any CPU
		{37974495-0EFC-4762-8204-801C8358CE34}.Release|x64.Build.0 = Release|Any CPU
		{37974495-0EFC-4762-8204-801C8358CE34}.Release|x86.ActiveCfg = Release|Any CPU
		{37974495-0EFC-4762-8204-801C8358CE34}.Release|x86.Build.0 = Release|Any CPU
		{29E4B6DA-AFFF-4E51-B13C-750FB100D6E3}.Debug|Any CPU.ActiveCfg = Debug|Any CPU
		{29E4B6DA-AFFF-4E51-B13C-750FB100D6E3}.Debug|Any CPU.Build.0 = Debug|Any CPU
		{29E4B6DA-AFFF-4E51-B13C-750FB100D6E3}.Debug|x64.ActiveCfg = Debug|Any CPU
		{29E4B6DA-AFFF-4E51-B13C-750FB100D6E3}.Debug|x64.Build.0 = Debug|Any CPU
		{29E4B6DA-AFFF-4E51-B13C-750FB100D6E3}.Debug|x86.ActiveCfg = Debug|Any CPU
		{29E4B6DA-AFFF-4E51-B13C-750FB100D6E3}.Debug|x86.Build.0 = Debug|Any CPU
		{29E4B6DA-AFFF-4E51-B13C-750FB100D6E3}.Release|Any CPU.ActiveCfg = Release|Any CPU
		{29E4B6DA-AFFF-4E51-B13C-750FB100D6E3}.Release|Any CPU.Build.0 = Release|Any CPU
		{29E4B6DA-AFFF-4E51-B13C-750FB100D6E3}.Release|x64.ActiveCfg = Release|Any CPU
		{29E4B6DA-AFFF-4E51-B13C-750FB100D6E3}.Release|x64.Build.0 = Release|Any CPU
		{29E4B6DA-AFFF-4E51-B13C-750FB100D6E3}.Release|x86.ActiveCfg = Release|Any CPU
		{29E4B6DA-AFFF-4E51-B13C-750FB100D6E3}.Release|x86.Build.0 = Release|Any CPU
		{2A1A44D9-B859-4F4E-ABCA-69E50687EBA1}.Debug|Any CPU.ActiveCfg = Debug|Any CPU
		{2A1A44D9-B859-4F4E-ABCA-69E50687EBA1}.Debug|Any CPU.Build.0 = Debug|Any CPU
		{2A1A44D9-B859-4F4E-ABCA-69E50687EBA1}.Debug|x64.ActiveCfg = Debug|Any CPU
		{2A1A44D9-B859-4F4E-ABCA-69E50687EBA1}.Debug|x64.Build.0 = Debug|Any CPU
		{2A1A44D9-B859-4F4E-ABCA-69E50687EBA1}.Debug|x86.ActiveCfg = Debug|Any CPU
		{2A1A44D9-B859-4F4E-ABCA-69E50687EBA1}.Debug|x86.Build.0 = Debug|Any CPU
		{2A1A44D9-B859-4F4E-ABCA-69E50687EBA1}.Release|Any CPU.ActiveCfg = Release|Any CPU
		{2A1A44D9-B859-4F4E-ABCA-69E50687EBA1}.Release|Any CPU.Build.0 = Release|Any CPU
		{2A1A44D9-B859-4F4E-ABCA-69E50687EBA1}.Release|x64.ActiveCfg = Release|Any CPU
		{2A1A44D9-B859-4F4E-ABCA-69E50687EBA1}.Release|x64.Build.0 = Release|Any CPU
		{2A1A44D9-B859-4F4E-ABCA-69E50687EBA1}.Release|x86.ActiveCfg = Release|Any CPU
		{2A1A44D9-B859-4F4E-ABCA-69E50687EBA1}.Release|x86.Build.0 = Release|Any CPU
		{1477E87E-1B29-4C1C-9A5C-32ACD3CBE498}.Debug|Any CPU.ActiveCfg = Debug|Any CPU
		{1477E87E-1B29-4C1C-9A5C-32ACD3CBE498}.Debug|Any CPU.Build.0 = Debug|Any CPU
		{1477E87E-1B29-4C1C-9A5C-32ACD3CBE498}.Debug|x64.ActiveCfg = Debug|Any CPU
		{1477E87E-1B29-4C1C-9A5C-32ACD3CBE498}.Debug|x64.Build.0 = Debug|Any CPU
		{1477E87E-1B29-4C1C-9A5C-32ACD3CBE498}.Debug|x86.ActiveCfg = Debug|Any CPU
		{1477E87E-1B29-4C1C-9A5C-32ACD3CBE498}.Debug|x86.Build.0 = Debug|Any CPU
		{1477E87E-1B29-4C1C-9A5C-32ACD3CBE498}.Release|Any CPU.ActiveCfg = Release|Any CPU
		{1477E87E-1B29-4C1C-9A5C-32ACD3CBE498}.Release|Any CPU.Build.0 = Release|Any CPU
		{1477E87E-1B29-4C1C-9A5C-32ACD3CBE498}.Release|x64.ActiveCfg = Release|Any CPU
		{1477E87E-1B29-4C1C-9A5C-32ACD3CBE498}.Release|x64.Build.0 = Release|Any CPU
		{1477E87E-1B29-4C1C-9A5C-32ACD3CBE498}.Release|x86.ActiveCfg = Release|Any CPU
		{1477E87E-1B29-4C1C-9A5C-32ACD3CBE498}.Release|x86.Build.0 = Release|Any CPU
		{4DC5F2E5-669F-4622-9BFB-11E051412E90}.Debug|Any CPU.ActiveCfg = Debug|Any CPU
		{4DC5F2E5-669F-4622-9BFB-11E051412E90}.Debug|Any CPU.Build.0 = Debug|Any CPU
		{4DC5F2E5-669F-4622-9BFB-11E051412E90}.Debug|x64.ActiveCfg = Debug|Any CPU
		{4DC5F2E5-669F-4622-9BFB-11E051412E90}.Debug|x64.Build.0 = Debug|Any CPU
		{4DC5F2E5-669F-4622-9BFB-11E051412E90}.Debug|x86.ActiveCfg = Debug|Any CPU
		{4DC5F2E5-669F-4622-9BFB-11E051412E90}.Debug|x86.Build.0 = Debug|Any CPU
		{4DC5F2E5-669F-4622-9BFB-11E051412E90}.Release|Any CPU.ActiveCfg = Release|Any CPU
		{4DC5F2E5-669F-4622-9BFB-11E051412E90}.Release|Any CPU.Build.0 = Release|Any CPU
		{4DC5F2E5-669F-4622-9BFB-11E051412E90}.Release|x64.ActiveCfg = Release|Any CPU
		{4DC5F2E5-669F-4622-9BFB-11E051412E90}.Release|x64.Build.0 = Release|Any CPU
		{4DC5F2E5-669F-4622-9BFB-11E051412E90}.Release|x86.ActiveCfg = Release|Any CPU
		{4DC5F2E5-669F-4622-9BFB-11E051412E90}.Release|x86.Build.0 = Release|Any CPU
		{B1EB7864-4588-4B7F-8B7A-491A8F95FC51}.Debug|Any CPU.ActiveCfg = Debug|Any CPU
		{B1EB7864-4588-4B7F-8B7A-491A8F95FC51}.Debug|Any CPU.Build.0 = Debug|Any CPU
		{B1EB7864-4588-4B7F-8B7A-491A8F95FC51}.Debug|x64.ActiveCfg = Debug|Any CPU
		{B1EB7864-4588-4B7F-8B7A-491A8F95FC51}.Debug|x64.Build.0 = Debug|Any CPU
		{B1EB7864-4588-4B7F-8B7A-491A8F95FC51}.Debug|x86.ActiveCfg = Debug|Any CPU
		{B1EB7864-4588-4B7F-8B7A-491A8F95FC51}.Debug|x86.Build.0 = Debug|Any CPU
		{B1EB7864-4588-4B7F-8B7A-491A8F95FC51}.Release|Any CPU.ActiveCfg = Release|Any CPU
		{B1EB7864-4588-4B7F-8B7A-491A8F95FC51}.Release|Any CPU.Build.0 = Release|Any CPU
		{B1EB7864-4588-4B7F-8B7A-491A8F95FC51}.Release|x64.ActiveCfg = Release|Any CPU
		{B1EB7864-4588-4B7F-8B7A-491A8F95FC51}.Release|x64.Build.0 = Release|Any CPU
		{B1EB7864-4588-4B7F-8B7A-491A8F95FC51}.Release|x86.ActiveCfg = Release|Any CPU
		{B1EB7864-4588-4B7F-8B7A-491A8F95FC51}.Release|x86.Build.0 = Release|Any CPU
		{90FF6D03-0C6A-406C-ACF4-8A84D3E73AF5}.Debug|Any CPU.ActiveCfg = Debug|Any CPU
		{90FF6D03-0C6A-406C-ACF4-8A84D3E73AF5}.Debug|Any CPU.Build.0 = Debug|Any CPU
		{90FF6D03-0C6A-406C-ACF4-8A84D3E73AF5}.Debug|x64.ActiveCfg = Debug|Any CPU
		{90FF6D03-0C6A-406C-ACF4-8A84D3E73AF5}.Debug|x64.Build.0 = Debug|Any CPU
		{90FF6D03-0C6A-406C-ACF4-8A84D3E73AF5}.Debug|x86.ActiveCfg = Debug|Any CPU
		{90FF6D03-0C6A-406C-ACF4-8A84D3E73AF5}.Debug|x86.Build.0 = Debug|Any CPU
		{90FF6D03-0C6A-406C-ACF4-8A84D3E73AF5}.Release|Any CPU.ActiveCfg = Release|Any CPU
		{90FF6D03-0C6A-406C-ACF4-8A84D3E73AF5}.Release|Any CPU.Build.0 = Release|Any CPU
		{90FF6D03-0C6A-406C-ACF4-8A84D3E73AF5}.Release|x64.ActiveCfg = Release|Any CPU
		{90FF6D03-0C6A-406C-ACF4-8A84D3E73AF5}.Release|x64.Build.0 = Release|Any CPU
		{90FF6D03-0C6A-406C-ACF4-8A84D3E73AF5}.Release|x86.ActiveCfg = Release|Any CPU
		{90FF6D03-0C6A-406C-ACF4-8A84D3E73AF5}.Release|x86.Build.0 = Release|Any CPU
		{2217F3E1-2C6C-4E14-89A8-D2AD19DB68D0}.Debug|Any CPU.ActiveCfg = Debug|Any CPU
		{2217F3E1-2C6C-4E14-89A8-D2AD19DB68D0}.Debug|Any CPU.Build.0 = Debug|Any CPU
		{2217F3E1-2C6C-4E14-89A8-D2AD19DB68D0}.Debug|x64.ActiveCfg = Debug|Any CPU
		{2217F3E1-2C6C-4E14-89A8-D2AD19DB68D0}.Debug|x64.Build.0 = Debug|Any CPU
		{2217F3E1-2C6C-4E14-89A8-D2AD19DB68D0}.Debug|x86.ActiveCfg = Debug|Any CPU
		{2217F3E1-2C6C-4E14-89A8-D2AD19DB68D0}.Debug|x86.Build.0 = Debug|Any CPU
		{2217F3E1-2C6C-4E14-89A8-D2AD19DB68D0}.Release|Any CPU.ActiveCfg = Release|Any CPU
		{2217F3E1-2C6C-4E14-89A8-D2AD19DB68D0}.Release|Any CPU.Build.0 = Release|Any CPU
		{2217F3E1-2C6C-4E14-89A8-D2AD19DB68D0}.Release|x64.ActiveCfg = Release|Any CPU
		{2217F3E1-2C6C-4E14-89A8-D2AD19DB68D0}.Release|x64.Build.0 = Release|Any CPU
		{2217F3E1-2C6C-4E14-89A8-D2AD19DB68D0}.Release|x86.ActiveCfg = Release|Any CPU
		{2217F3E1-2C6C-4E14-89A8-D2AD19DB68D0}.Release|x86.Build.0 = Release|Any CPU
		{147700B6-1750-4C16-9A7D-A7B7B6C3A5F2}.Debug|Any CPU.ActiveCfg = Debug|Any CPU
		{147700B6-1750-4C16-9A7D-A7B7B6C3A5F2}.Debug|Any CPU.Build.0 = Debug|Any CPU
		{147700B6-1750-4C16-9A7D-A7B7B6C3A5F2}.Debug|x64.ActiveCfg = Debug|Any CPU
		{147700B6-1750-4C16-9A7D-A7B7B6C3A5F2}.Debug|x64.Build.0 = Debug|Any CPU
		{147700B6-1750-4C16-9A7D-A7B7B6C3A5F2}.Debug|x86.ActiveCfg = Debug|Any CPU
		{147700B6-1750-4C16-9A7D-A7B7B6C3A5F2}.Debug|x86.Build.0 = Debug|Any CPU
		{147700B6-1750-4C16-9A7D-A7B7B6C3A5F2}.Release|Any CPU.ActiveCfg = Release|Any CPU
		{147700B6-1750-4C16-9A7D-A7B7B6C3A5F2}.Release|Any CPU.Build.0 = Release|Any CPU
		{147700B6-1750-4C16-9A7D-A7B7B6C3A5F2}.Release|x64.ActiveCfg = Release|Any CPU
		{147700B6-1750-4C16-9A7D-A7B7B6C3A5F2}.Release|x64.Build.0 = Release|Any CPU
		{147700B6-1750-4C16-9A7D-A7B7B6C3A5F2}.Release|x86.ActiveCfg = Release|Any CPU
		{147700B6-1750-4C16-9A7D-A7B7B6C3A5F2}.Release|x86.Build.0 = Release|Any CPU
		{D9419B9F-F633-4D4F-A760-80488C5B0A20}.Debug|Any CPU.ActiveCfg = Debug|Any CPU
		{D9419B9F-F633-4D4F-A760-80488C5B0A20}.Debug|Any CPU.Build.0 = Debug|Any CPU
		{D9419B9F-F633-4D4F-A760-80488C5B0A20}.Debug|x64.ActiveCfg = Debug|Any CPU
		{D9419B9F-F633-4D4F-A760-80488C5B0A20}.Debug|x64.Build.0 = Debug|Any CPU
		{D9419B9F-F633-4D4F-A760-80488C5B0A20}.Debug|x86.ActiveCfg = Debug|Any CPU
		{D9419B9F-F633-4D4F-A760-80488C5B0A20}.Debug|x86.Build.0 = Debug|Any CPU
		{D9419B9F-F633-4D4F-A760-80488C5B0A20}.Release|Any CPU.ActiveCfg = Release|Any CPU
		{D9419B9F-F633-4D4F-A760-80488C5B0A20}.Release|Any CPU.Build.0 = Release|Any CPU
		{D9419B9F-F633-4D4F-A760-80488C5B0A20}.Release|x64.ActiveCfg = Release|Any CPU
		{D9419B9F-F633-4D4F-A760-80488C5B0A20}.Release|x64.Build.0 = Release|Any CPU
		{D9419B9F-F633-4D4F-A760-80488C5B0A20}.Release|x86.ActiveCfg = Release|Any CPU
		{D9419B9F-F633-4D4F-A760-80488C5B0A20}.Release|x86.Build.0 = Release|Any CPU
		{D0E0CA93-AA28-44D0-B4F9-1E247B4010F9}.Debug|Any CPU.ActiveCfg = Debug|Any CPU
		{D0E0CA93-AA28-44D0-B4F9-1E247B4010F9}.Debug|Any CPU.Build.0 = Debug|Any CPU
		{D0E0CA93-AA28-44D0-B4F9-1E247B4010F9}.Debug|x64.ActiveCfg = Debug|Any CPU
		{D0E0CA93-AA28-44D0-B4F9-1E247B4010F9}.Debug|x64.Build.0 = Debug|Any CPU
		{D0E0CA93-AA28-44D0-B4F9-1E247B4010F9}.Debug|x86.ActiveCfg = Debug|Any CPU
		{D0E0CA93-AA28-44D0-B4F9-1E247B4010F9}.Debug|x86.Build.0 = Debug|Any CPU
		{D0E0CA93-AA28-44D0-B4F9-1E247B4010F9}.Release|Any CPU.ActiveCfg = Release|Any CPU
		{D0E0CA93-AA28-44D0-B4F9-1E247B4010F9}.Release|Any CPU.Build.0 = Release|Any CPU
		{D0E0CA93-AA28-44D0-B4F9-1E247B4010F9}.Release|x64.ActiveCfg = Release|Any CPU
		{D0E0CA93-AA28-44D0-B4F9-1E247B4010F9}.Release|x64.Build.0 = Release|Any CPU
		{D0E0CA93-AA28-44D0-B4F9-1E247B4010F9}.Release|x86.ActiveCfg = Release|Any CPU
		{D0E0CA93-AA28-44D0-B4F9-1E247B4010F9}.Release|x86.Build.0 = Release|Any CPU
		{D84925C8-4AB3-4923-8980-342FFFA22CD2}.Debug|Any CPU.ActiveCfg = Debug|Any CPU
		{D84925C8-4AB3-4923-8980-342FFFA22CD2}.Debug|Any CPU.Build.0 = Debug|Any CPU
		{D84925C8-4AB3-4923-8980-342FFFA22CD2}.Debug|x64.ActiveCfg = Debug|Any CPU
		{D84925C8-4AB3-4923-8980-342FFFA22CD2}.Debug|x64.Build.0 = Debug|Any CPU
		{D84925C8-4AB3-4923-8980-342FFFA22CD2}.Debug|x86.ActiveCfg = Debug|Any CPU
		{D84925C8-4AB3-4923-8980-342FFFA22CD2}.Debug|x86.Build.0 = Debug|Any CPU
		{D84925C8-4AB3-4923-8980-342FFFA22CD2}.Release|Any CPU.ActiveCfg = Release|Any CPU
		{D84925C8-4AB3-4923-8980-342FFFA22CD2}.Release|Any CPU.Build.0 = Release|Any CPU
		{D84925C8-4AB3-4923-8980-342FFFA22CD2}.Release|x64.ActiveCfg = Release|Any CPU
		{D84925C8-4AB3-4923-8980-342FFFA22CD2}.Release|x64.Build.0 = Release|Any CPU
		{D84925C8-4AB3-4923-8980-342FFFA22CD2}.Release|x86.ActiveCfg = Release|Any CPU
		{D84925C8-4AB3-4923-8980-342FFFA22CD2}.Release|x86.Build.0 = Release|Any CPU
		{86EC1F50-B43B-44AE-A0B0-C505AE64F0B2}.Debug|Any CPU.ActiveCfg = Debug|Any CPU
		{86EC1F50-B43B-44AE-A0B0-C505AE64F0B2}.Debug|Any CPU.Build.0 = Debug|Any CPU
		{86EC1F50-B43B-44AE-A0B0-C505AE64F0B2}.Debug|x64.ActiveCfg = Debug|Any CPU
		{86EC1F50-B43B-44AE-A0B0-C505AE64F0B2}.Debug|x64.Build.0 = Debug|Any CPU
		{86EC1F50-B43B-44AE-A0B0-C505AE64F0B2}.Debug|x86.ActiveCfg = Debug|Any CPU
		{86EC1F50-B43B-44AE-A0B0-C505AE64F0B2}.Debug|x86.Build.0 = Debug|Any CPU
		{86EC1F50-B43B-44AE-A0B0-C505AE64F0B2}.Release|Any CPU.ActiveCfg = Release|Any CPU
		{86EC1F50-B43B-44AE-A0B0-C505AE64F0B2}.Release|Any CPU.Build.0 = Release|Any CPU
		{86EC1F50-B43B-44AE-A0B0-C505AE64F0B2}.Release|x64.ActiveCfg = Release|Any CPU
		{86EC1F50-B43B-44AE-A0B0-C505AE64F0B2}.Release|x64.Build.0 = Release|Any CPU
		{86EC1F50-B43B-44AE-A0B0-C505AE64F0B2}.Release|x86.ActiveCfg = Release|Any CPU
		{86EC1F50-B43B-44AE-A0B0-C505AE64F0B2}.Release|x86.Build.0 = Release|Any CPU
		{B6894425-F730-486D-A1EF-9F5B4F5E2BC3}.Debug|Any CPU.ActiveCfg = Debug|Any CPU
		{B6894425-F730-486D-A1EF-9F5B4F5E2BC3}.Debug|Any CPU.Build.0 = Debug|Any CPU
		{B6894425-F730-486D-A1EF-9F5B4F5E2BC3}.Debug|x64.ActiveCfg = Debug|Any CPU
		{B6894425-F730-486D-A1EF-9F5B4F5E2BC3}.Debug|x64.Build.0 = Debug|Any CPU
		{B6894425-F730-486D-A1EF-9F5B4F5E2BC3}.Debug|x86.ActiveCfg = Debug|Any CPU
		{B6894425-F730-486D-A1EF-9F5B4F5E2BC3}.Debug|x86.Build.0 = Debug|Any CPU
		{B6894425-F730-486D-A1EF-9F5B4F5E2BC3}.Release|Any CPU.ActiveCfg = Release|Any CPU
		{B6894425-F730-486D-A1EF-9F5B4F5E2BC3}.Release|Any CPU.Build.0 = Release|Any CPU
		{B6894425-F730-486D-A1EF-9F5B4F5E2BC3}.Release|x64.ActiveCfg = Release|Any CPU
		{B6894425-F730-486D-A1EF-9F5B4F5E2BC3}.Release|x64.Build.0 = Release|Any CPU
		{B6894425-F730-486D-A1EF-9F5B4F5E2BC3}.Release|x86.ActiveCfg = Release|Any CPU
		{B6894425-F730-486D-A1EF-9F5B4F5E2BC3}.Release|x86.Build.0 = Release|Any CPU
		{6979D34E-D175-419B-9BD6-62FA7EF93B82}.Debug|Any CPU.ActiveCfg = Debug|Any CPU
		{6979D34E-D175-419B-9BD6-62FA7EF93B82}.Debug|Any CPU.Build.0 = Debug|Any CPU
		{6979D34E-D175-419B-9BD6-62FA7EF93B82}.Debug|x64.ActiveCfg = Debug|Any CPU
		{6979D34E-D175-419B-9BD6-62FA7EF93B82}.Debug|x64.Build.0 = Debug|Any CPU
		{6979D34E-D175-419B-9BD6-62FA7EF93B82}.Debug|x86.ActiveCfg = Debug|Any CPU
		{6979D34E-D175-419B-9BD6-62FA7EF93B82}.Debug|x86.Build.0 = Debug|Any CPU
		{6979D34E-D175-419B-9BD6-62FA7EF93B82}.Release|Any CPU.ActiveCfg = Release|Any CPU
		{6979D34E-D175-419B-9BD6-62FA7EF93B82}.Release|Any CPU.Build.0 = Release|Any CPU
		{6979D34E-D175-419B-9BD6-62FA7EF93B82}.Release|x64.ActiveCfg = Release|Any CPU
		{6979D34E-D175-419B-9BD6-62FA7EF93B82}.Release|x64.Build.0 = Release|Any CPU
		{6979D34E-D175-419B-9BD6-62FA7EF93B82}.Release|x86.ActiveCfg = Release|Any CPU
		{6979D34E-D175-419B-9BD6-62FA7EF93B82}.Release|x86.Build.0 = Release|Any CPU
		{4808BD0C-2D40-465D-8D9F-8AD4DC011EFA}.Debug|Any CPU.ActiveCfg = Debug|Any CPU
		{4808BD0C-2D40-465D-8D9F-8AD4DC011EFA}.Debug|Any CPU.Build.0 = Debug|Any CPU
		{4808BD0C-2D40-465D-8D9F-8AD4DC011EFA}.Debug|x64.ActiveCfg = Debug|Any CPU
		{4808BD0C-2D40-465D-8D9F-8AD4DC011EFA}.Debug|x64.Build.0 = Debug|Any CPU
		{4808BD0C-2D40-465D-8D9F-8AD4DC011EFA}.Debug|x86.ActiveCfg = Debug|Any CPU
		{4808BD0C-2D40-465D-8D9F-8AD4DC011EFA}.Debug|x86.Build.0 = Debug|Any CPU
		{4808BD0C-2D40-465D-8D9F-8AD4DC011EFA}.Release|Any CPU.ActiveCfg = Release|Any CPU
		{4808BD0C-2D40-465D-8D9F-8AD4DC011EFA}.Release|Any CPU.Build.0 = Release|Any CPU
		{4808BD0C-2D40-465D-8D9F-8AD4DC011EFA}.Release|x64.ActiveCfg = Release|Any CPU
		{4808BD0C-2D40-465D-8D9F-8AD4DC011EFA}.Release|x64.Build.0 = Release|Any CPU
		{4808BD0C-2D40-465D-8D9F-8AD4DC011EFA}.Release|x86.ActiveCfg = Release|Any CPU
		{4808BD0C-2D40-465D-8D9F-8AD4DC011EFA}.Release|x86.Build.0 = Release|Any CPU
		{247C8AED-7920-4B10-A1B7-855E9F475BC4}.Debug|Any CPU.ActiveCfg = Debug|Any CPU
		{247C8AED-7920-4B10-A1B7-855E9F475BC4}.Debug|Any CPU.Build.0 = Debug|Any CPU
		{247C8AED-7920-4B10-A1B7-855E9F475BC4}.Debug|x64.ActiveCfg = Debug|Any CPU
		{247C8AED-7920-4B10-A1B7-855E9F475BC4}.Debug|x64.Build.0 = Debug|Any CPU
		{247C8AED-7920-4B10-A1B7-855E9F475BC4}.Debug|x86.ActiveCfg = Debug|Any CPU
		{247C8AED-7920-4B10-A1B7-855E9F475BC4}.Debug|x86.Build.0 = Debug|Any CPU
		{247C8AED-7920-4B10-A1B7-855E9F475BC4}.Release|Any CPU.ActiveCfg = Release|Any CPU
		{247C8AED-7920-4B10-A1B7-855E9F475BC4}.Release|Any CPU.Build.0 = Release|Any CPU
		{247C8AED-7920-4B10-A1B7-855E9F475BC4}.Release|x64.ActiveCfg = Release|Any CPU
		{247C8AED-7920-4B10-A1B7-855E9F475BC4}.Release|x64.Build.0 = Release|Any CPU
		{247C8AED-7920-4B10-A1B7-855E9F475BC4}.Release|x86.ActiveCfg = Release|Any CPU
		{247C8AED-7920-4B10-A1B7-855E9F475BC4}.Release|x86.Build.0 = Release|Any CPU
		{77886834-421F-40A6-8111-B0D85B2D6542}.Debug|Any CPU.ActiveCfg = Debug|Any CPU
		{77886834-421F-40A6-8111-B0D85B2D6542}.Debug|Any CPU.Build.0 = Debug|Any CPU
		{77886834-421F-40A6-8111-B0D85B2D6542}.Debug|x64.ActiveCfg = Debug|Any CPU
		{77886834-421F-40A6-8111-B0D85B2D6542}.Debug|x64.Build.0 = Debug|Any CPU
		{77886834-421F-40A6-8111-B0D85B2D6542}.Debug|x86.ActiveCfg = Debug|Any CPU
		{77886834-421F-40A6-8111-B0D85B2D6542}.Debug|x86.Build.0 = Debug|Any CPU
		{77886834-421F-40A6-8111-B0D85B2D6542}.Release|Any CPU.ActiveCfg = Release|Any CPU
		{77886834-421F-40A6-8111-B0D85B2D6542}.Release|Any CPU.Build.0 = Release|Any CPU
		{77886834-421F-40A6-8111-B0D85B2D6542}.Release|x64.ActiveCfg = Release|Any CPU
		{77886834-421F-40A6-8111-B0D85B2D6542}.Release|x64.Build.0 = Release|Any CPU
		{77886834-421F-40A6-8111-B0D85B2D6542}.Release|x86.ActiveCfg = Release|Any CPU
		{77886834-421F-40A6-8111-B0D85B2D6542}.Release|x86.Build.0 = Release|Any CPU
		{A8719F75-7E1C-4E7A-95DB-EB9EC7219F94}.Debug|Any CPU.ActiveCfg = Debug|Any CPU
		{A8719F75-7E1C-4E7A-95DB-EB9EC7219F94}.Debug|Any CPU.Build.0 = Debug|Any CPU
		{A8719F75-7E1C-4E7A-95DB-EB9EC7219F94}.Debug|x64.ActiveCfg = Debug|Any CPU
		{A8719F75-7E1C-4E7A-95DB-EB9EC7219F94}.Debug|x64.Build.0 = Debug|Any CPU
		{A8719F75-7E1C-4E7A-95DB-EB9EC7219F94}.Debug|x86.ActiveCfg = Debug|Any CPU
		{A8719F75-7E1C-4E7A-95DB-EB9EC7219F94}.Debug|x86.Build.0 = Debug|Any CPU
		{A8719F75-7E1C-4E7A-95DB-EB9EC7219F94}.Release|Any CPU.ActiveCfg = Release|Any CPU
		{A8719F75-7E1C-4E7A-95DB-EB9EC7219F94}.Release|Any CPU.Build.0 = Release|Any CPU
		{A8719F75-7E1C-4E7A-95DB-EB9EC7219F94}.Release|x64.ActiveCfg = Release|Any CPU
		{A8719F75-7E1C-4E7A-95DB-EB9EC7219F94}.Release|x64.Build.0 = Release|Any CPU
		{A8719F75-7E1C-4E7A-95DB-EB9EC7219F94}.Release|x86.ActiveCfg = Release|Any CPU
		{A8719F75-7E1C-4E7A-95DB-EB9EC7219F94}.Release|x86.Build.0 = Release|Any CPU
		{3C62CB3E-D8CD-4A50-99D0-EF7CE298BA3E}.Debug|Any CPU.ActiveCfg = Debug|Any CPU
		{3C62CB3E-D8CD-4A50-99D0-EF7CE298BA3E}.Debug|Any CPU.Build.0 = Debug|Any CPU
		{3C62CB3E-D8CD-4A50-99D0-EF7CE298BA3E}.Debug|x64.ActiveCfg = Debug|Any CPU
		{3C62CB3E-D8CD-4A50-99D0-EF7CE298BA3E}.Debug|x64.Build.0 = Debug|Any CPU
		{3C62CB3E-D8CD-4A50-99D0-EF7CE298BA3E}.Debug|x86.ActiveCfg = Debug|Any CPU
		{3C62CB3E-D8CD-4A50-99D0-EF7CE298BA3E}.Debug|x86.Build.0 = Debug|Any CPU
		{3C62CB3E-D8CD-4A50-99D0-EF7CE298BA3E}.Release|Any CPU.ActiveCfg = Release|Any CPU
		{3C62CB3E-D8CD-4A50-99D0-EF7CE298BA3E}.Release|Any CPU.Build.0 = Release|Any CPU
		{3C62CB3E-D8CD-4A50-99D0-EF7CE298BA3E}.Release|x64.ActiveCfg = Release|Any CPU
		{3C62CB3E-D8CD-4A50-99D0-EF7CE298BA3E}.Release|x64.Build.0 = Release|Any CPU
		{3C62CB3E-D8CD-4A50-99D0-EF7CE298BA3E}.Release|x86.ActiveCfg = Release|Any CPU
		{3C62CB3E-D8CD-4A50-99D0-EF7CE298BA3E}.Release|x86.Build.0 = Release|Any CPU
		{49F48CE0-C39B-42E9-B7DE-C0772E82FAE8}.Debug|Any CPU.ActiveCfg = Debug|Any CPU
		{49F48CE0-C39B-42E9-B7DE-C0772E82FAE8}.Debug|Any CPU.Build.0 = Debug|Any CPU
		{49F48CE0-C39B-42E9-B7DE-C0772E82FAE8}.Debug|x64.ActiveCfg = Debug|Any CPU
		{49F48CE0-C39B-42E9-B7DE-C0772E82FAE8}.Debug|x64.Build.0 = Debug|Any CPU
		{49F48CE0-C39B-42E9-B7DE-C0772E82FAE8}.Debug|x86.ActiveCfg = Debug|Any CPU
		{49F48CE0-C39B-42E9-B7DE-C0772E82FAE8}.Debug|x86.Build.0 = Debug|Any CPU
		{49F48CE0-C39B-42E9-B7DE-C0772E82FAE8}.Release|Any CPU.ActiveCfg = Release|Any CPU
		{49F48CE0-C39B-42E9-B7DE-C0772E82FAE8}.Release|Any CPU.Build.0 = Release|Any CPU
		{49F48CE0-C39B-42E9-B7DE-C0772E82FAE8}.Release|x64.ActiveCfg = Release|Any CPU
		{49F48CE0-C39B-42E9-B7DE-C0772E82FAE8}.Release|x64.Build.0 = Release|Any CPU
		{49F48CE0-C39B-42E9-B7DE-C0772E82FAE8}.Release|x86.ActiveCfg = Release|Any CPU
		{49F48CE0-C39B-42E9-B7DE-C0772E82FAE8}.Release|x86.Build.0 = Release|Any CPU
		{3A5780A8-78F4-452F-BE27-C6AE5916FA2B}.Debug|Any CPU.ActiveCfg = Debug|Any CPU
		{3A5780A8-78F4-452F-BE27-C6AE5916FA2B}.Debug|Any CPU.Build.0 = Debug|Any CPU
		{3A5780A8-78F4-452F-BE27-C6AE5916FA2B}.Debug|x64.ActiveCfg = Debug|Any CPU
		{3A5780A8-78F4-452F-BE27-C6AE5916FA2B}.Debug|x64.Build.0 = Debug|Any CPU
		{3A5780A8-78F4-452F-BE27-C6AE5916FA2B}.Debug|x86.ActiveCfg = Debug|Any CPU
		{3A5780A8-78F4-452F-BE27-C6AE5916FA2B}.Debug|x86.Build.0 = Debug|Any CPU
		{3A5780A8-78F4-452F-BE27-C6AE5916FA2B}.Release|Any CPU.ActiveCfg = Release|Any CPU
		{3A5780A8-78F4-452F-BE27-C6AE5916FA2B}.Release|Any CPU.Build.0 = Release|Any CPU
		{3A5780A8-78F4-452F-BE27-C6AE5916FA2B}.Release|x64.ActiveCfg = Release|Any CPU
		{3A5780A8-78F4-452F-BE27-C6AE5916FA2B}.Release|x64.Build.0 = Release|Any CPU
		{3A5780A8-78F4-452F-BE27-C6AE5916FA2B}.Release|x86.ActiveCfg = Release|Any CPU
		{3A5780A8-78F4-452F-BE27-C6AE5916FA2B}.Release|x86.Build.0 = Release|Any CPU
	EndGlobalSection
	GlobalSection(SolutionProperties) = preSolution
		HideSolutionNode = FALSE
	EndGlobalSection
	GlobalSection(NestedProjects) = preSolution
		{247C8AED-7920-4B10-A1B7-855E9F475BC4} = {1CC2EAC4-6A2C-4C17-9C56-B7D1CA3EEB9F}
		{77886834-421F-40A6-8111-B0D85B2D6542} = {1CC2EAC4-6A2C-4C17-9C56-B7D1CA3EEB9F}
		{A8719F75-7E1C-4E7A-95DB-EB9EC7219F94} = {1CC2EAC4-6A2C-4C17-9C56-B7D1CA3EEB9F}
		{3C62CB3E-D8CD-4A50-99D0-EF7CE298BA3E} = {1CC2EAC4-6A2C-4C17-9C56-B7D1CA3EEB9F}
		{49F48CE0-C39B-42E9-B7DE-C0772E82FAE8} = {1CC2EAC4-6A2C-4C17-9C56-B7D1CA3EEB9F}
	EndGlobalSection
	GlobalSection(ExtensibilityGlobals) = postSolution
		SolutionGuid = {53DE3763-6717-418C-A402-88E09B8235B7}
	EndGlobalSection
EndGlobal
