<?xml version="1.0" encoding="utf-8"?>
<Project ToolsVersion="4.0" xmlns="http://schemas.microsoft.com/developer/msbuild/2003">
  <ItemGroup>
    <ClCompile Include="main.cpp" />
    <ClCompile Include="..\cgcommon\gl_viewport.cpp" />
    <ClCompile Include="..\cgcommon\trackball.cc" />
    <ClCompile Include="model.cpp" />
    <ClCompile Include="gl_exts.cpp" />
    <ClCompile Include="lights.cpp" />
    <ClCompile Include="modelcache.cpp" />
    <ClCompile Include="win32_controls.cpp" />
    <ClCompile Include="camera.cpp" />
  </ItemGroup>
  <ItemGroup>
    <ClInclude Include="main.h" />
    <ClInclude Include="..\cgcommon\gl_viewport.h" />
    <ClInclude Include="dbg.h" />
    <ClInclude Include="..\cgcommon\trackball.h" />
    <ClInclude Include="..\cgcommon\tiny_obj_loader.h" />
    <ClInclude Include="model.h" />
    <ClInclude Include="gl_exts.h" />
    <ClInclude Include="lights.h" />
    <ClInclude Include="modelcache.h" />
    <ClInclude Include="win32_controls.h" />
    <ClInclude Include="camera.h" />
  </ItemGroup>
</Project>